// !$*UTF8*$!
{
	archiveVersion = 1;
	classes = {
	};
	objectVersion = 46;
	objects = {

/* Begin PBXBuildFile section */
		167078F116D3591A00C8C9A4 /* UIKit.framework in Frameworks */ = {isa = PBXBuildFile; fileRef = 167078F016D3591A00C8C9A4 /* UIKit.framework */; };
		167078F316D3591A00C8C9A4 /* Foundation.framework in Frameworks */ = {isa = PBXBuildFile; fileRef = 167078F216D3591A00C8C9A4 /* Foundation.framework */; };
		167078F516D3591A00C8C9A4 /* CoreGraphics.framework in Frameworks */ = {isa = PBXBuildFile; fileRef = 167078F416D3591A00C8C9A4 /* CoreGraphics.framework */; };
		167078FB16D3591A00C8C9A4 /* InfoPlist.strings in Resources */ = {isa = PBXBuildFile; fileRef = 167078F916D3591A00C8C9A4 /* InfoPlist.strings */; };
		167078FD16D3591A00C8C9A4 /* main.mm in Sources */ = {isa = PBXBuildFile; fileRef = 167078FC16D3591A00C8C9A4 /* main.mm */; };
		1670790116D3591A00C8C9A4 /* AppDelegate.mm in Sources */ = {isa = PBXBuildFile; fileRef = 1670790016D3591A00C8C9A4 /* AppDelegate.mm */; };
		1670790E16D359DA00C8C9A4 /* logo@57.png in Resources */ = {isa = PBXBuildFile; fileRef = 1670790D16D359DA00C8C9A4 /* logo@57.png */; };
		1670791016D359DC00C8C9A4 /* logo@114.png in Resources */ = {isa = PBXBuildFile; fileRef = 1670790F16D359DC00C8C9A4 /* logo@114.png */; };
		1670791216D359E100C8C9A4 /* logo@72.png in Resources */ = {isa = PBXBuildFile; fileRef = 1670791116D359E100C8C9A4 /* logo@72.png */; };
		1670791416D359E300C8C9A4 /* logo@144.png in Resources */ = {isa = PBXBuildFile; fileRef = 1670791316D359E300C8C9A4 /* logo@144.png */; };
		1670791616D35A0000C8C9A4 /* Default-Portrait@2x~ipad.png in Resources */ = {isa = PBXBuildFile; fileRef = 1670791516D35A0000C8C9A4 /* Default-Portrait@2x~ipad.png */; };
		1670791816D35A0200C8C9A4 /* Default-Portrait~ipad.png in Resources */ = {isa = PBXBuildFile; fileRef = 1670791716D35A0200C8C9A4 /* Default-Portrait~ipad.png */; };
		1670791A16D35A0600C8C9A4 /* Default-Landscape@2x~ipad.png in Resources */ = {isa = PBXBuildFile; fileRef = 1670791916D35A0600C8C9A4 /* Default-Landscape@2x~ipad.png */; };
		1670791C16D35A0900C8C9A4 /* Default-Landscape~ipad.png in Resources */ = {isa = PBXBuildFile; fileRef = 1670791B16D35A0900C8C9A4 /* Default-Landscape~ipad.png */; };
		1670791E16D35ABE00C8C9A4 /* Default-568h@2x.png in Resources */ = {isa = PBXBuildFile; fileRef = 1670791D16D35ABE00C8C9A4 /* Default-568h@2x.png */; };
		1670792016D35AC000C8C9A4 /* Default@2x.png in Resources */ = {isa = PBXBuildFile; fileRef = 1670791F16D35AC000C8C9A4 /* Default@2x.png */; };
		1670792216D35AC200C8C9A4 /* Default.png in Resources */ = {isa = PBXBuildFile; fileRef = 1670792116D35AC200C8C9A4 /* Default.png */; };
		16707C8B16D35AF500C8C9A4 /* MainController.mm in Sources */ = {isa = PBXBuildFile; fileRef = 16707C8A16D35AF500C8C9A4 /* MainController.mm */; };
		16707C8F16D35B3D00C8C9A4 /* QuartzCore.framework in Frameworks */ = {isa = PBXBuildFile; fileRef = 16707C8E16D35B3D00C8C9A4 /* QuartzCore.framework */; };
		16707C9116D35B4400C8C9A4 /* libxml2.dylib in Frameworks */ = {isa = PBXBuildFile; fileRef = 16707C9016D35B4400C8C9A4 /* libxml2.dylib */; };
		16707C9316D35B4800C8C9A4 /* libicucore.dylib in Frameworks */ = {isa = PBXBuildFile; fileRef = 16707C9216D35B4800C8C9A4 /* libicucore.dylib */; };
		16707C9516D35B5100C8C9A4 /* libdb.a in Frameworks */ = {isa = PBXBuildFile; fileRef = 16707C9416D35B5100C8C9A4 /* libdb.a */; };
		1670800416D376DA00C8C9A4 /* iflymsc.a in Frameworks */ = {isa = PBXBuildFile; fileRef = 1670800316D376DA00C8C9A4 /* iflymsc.a */; };
		1670800816D376F700C8C9A4 /* AudioToolbox.framework in Frameworks */ = {isa = PBXBuildFile; fileRef = 1670800716D376F700C8C9A4 /* AudioToolbox.framework */; };
		1670800A16D3771100C8C9A4 /* CFNetwork.framework in Frameworks */ = {isa = PBXBuildFile; fileRef = 1670800916D3771100C8C9A4 /* CFNetwork.framework */; };
		1670800C16D3772300C8C9A4 /* SystemConfiguration.framework in Frameworks */ = {isa = PBXBuildFile; fileRef = 1670800B16D3772300C8C9A4 /* SystemConfiguration.framework */; };
/* End PBXBuildFile section */

/* Begin PBXFileReference section */
		167078ED16D3591A00C8C9A4 /* voice.app */ = {isa = PBXFileReference; explicitFileType = wrapper.application; includeInIndex = 0; path = voice.app; sourceTree = BUILT_PRODUCTS_DIR; };
		167078F016D3591A00C8C9A4 /* UIKit.framework */ = {isa = PBXFileReference; lastKnownFileType = wrapper.framework; name = UIKit.framework; path = System/Library/Frameworks/UIKit.framework; sourceTree = SDKROOT; };
		167078F216D3591A00C8C9A4 /* Foundation.framework */ = {isa = PBXFileReference; lastKnownFileType = wrapper.framework; name = Foundation.framework; path = System/Library/Frameworks/Foundation.framework; sourceTree = SDKROOT; };
		167078F416D3591A00C8C9A4 /* CoreGraphics.framework */ = {isa = PBXFileReference; lastKnownFileType = wrapper.framework; name = CoreGraphics.framework; path = System/Library/Frameworks/CoreGraphics.framework; sourceTree = SDKROOT; };
		167078F816D3591A00C8C9A4 /* voice-Info.plist */ = {isa = PBXFileReference; lastKnownFileType = text.plist.xml; path = "voice-Info.plist"; sourceTree = "<group>"; };
		167078FA16D3591A00C8C9A4 /* en */ = {isa = PBXFileReference; lastKnownFileType = text.plist.strings; name = en; path = en.lproj/InfoPlist.strings; sourceTree = "<group>"; };
		167078FC16D3591A00C8C9A4 /* main.mm */ = {isa = PBXFileReference; lastKnownFileType = sourcecode.cpp.objcpp; path = main.mm; sourceTree = "<group>"; };
		167078FE16D3591A00C8C9A4 /* voice-Prefix.pch */ = {isa = PBXFileReference; lastKnownFileType = sourcecode.c.h; path = "voice-Prefix.pch"; sourceTree = "<group>"; };
		167078FF16D3591A00C8C9A4 /* AppDelegate.h */ = {isa = PBXFileReference; lastKnownFileType = sourcecode.c.h; path = AppDelegate.h; sourceTree = "<group>"; };
		1670790016D3591A00C8C9A4 /* AppDelegate.mm */ = {isa = PBXFileReference; lastKnownFileType = sourcecode.cpp.objcpp; path = AppDelegate.mm; sourceTree = "<group>"; };
		1670790D16D359DA00C8C9A4 /* logo@57.png */ = {isa = PBXFileReference; lastKnownFileType = image.png; path = "logo@57.png"; sourceTree = "<group>"; };
		1670790F16D359DC00C8C9A4 /* logo@114.png */ = {isa = PBXFileReference; lastKnownFileType = image.png; path = "logo@114.png"; sourceTree = "<group>"; };
		1670791116D359E100C8C9A4 /* logo@72.png */ = {isa = PBXFileReference; lastKnownFileType = image.png; path = "logo@72.png"; sourceTree = "<group>"; };
		1670791316D359E300C8C9A4 /* logo@144.png */ = {isa = PBXFileReference; lastKnownFileType = image.png; path = "logo@144.png"; sourceTree = "<group>"; };
		1670791516D35A0000C8C9A4 /* Default-Portrait@2x~ipad.png */ = {isa = PBXFileReference; lastKnownFileType = image.png; path = "Default-Portrait@2x~ipad.png"; sourceTree = "<group>"; };
		1670791716D35A0200C8C9A4 /* Default-Portrait~ipad.png */ = {isa = PBXFileReference; lastKnownFileType = image.png; path = "Default-Portrait~ipad.png"; sourceTree = "<group>"; };
		1670791916D35A0600C8C9A4 /* Default-Landscape@2x~ipad.png */ = {isa = PBXFileReference; lastKnownFileType = image.png; path = "Default-Landscape@2x~ipad.png"; sourceTree = "<group>"; };
		1670791B16D35A0900C8C9A4 /* Default-Landscape~ipad.png */ = {isa = PBXFileReference; lastKnownFileType = image.png; path = "Default-Landscape~ipad.png"; sourceTree = "<group>"; };
		1670791D16D35ABE00C8C9A4 /* Default-568h@2x.png */ = {isa = PBXFileReference; lastKnownFileType = image.png; path = "Default-568h@2x.png"; sourceTree = "<group>"; };
		1670791F16D35AC000C8C9A4 /* Default@2x.png */ = {isa = PBXFileReference; lastKnownFileType = image.png; path = "Default@2x.png"; sourceTree = "<group>"; };
		1670792116D35AC200C8C9A4 /* Default.png */ = {isa = PBXFileReference; lastKnownFileType = image.png; path = Default.png; sourceTree = "<group>"; };
		16707C8916D35AF500C8C9A4 /* MainController.h */ = {isa = PBXFileReference; fileEncoding = 4; lastKnownFileType = sourcecode.c.h; path = MainController.h; sourceTree = "<group>"; };
		16707C8A16D35AF500C8C9A4 /* MainController.mm */ = {isa = PBXFileReference; fileEncoding = 4; lastKnownFileType = sourcecode.cpp.objcpp; path = MainController.mm; sourceTree = "<group>"; };
		16707C8E16D35B3D00C8C9A4 /* QuartzCore.framework */ = {isa = PBXFileReference; lastKnownFileType = wrapper.framework; name = QuartzCore.framework; path = System/Library/Frameworks/QuartzCore.framework; sourceTree = SDKROOT; };
		16707C9016D35B4400C8C9A4 /* libxml2.dylib */ = {isa = PBXFileReference; lastKnownFileType = "compiled.mach-o.dylib"; name = libxml2.dylib; path = usr/lib/libxml2.dylib; sourceTree = SDKROOT; };
		16707C9216D35B4800C8C9A4 /* libicucore.dylib */ = {isa = PBXFileReference; lastKnownFileType = "compiled.mach-o.dylib"; name = libicucore.dylib; path = usr/lib/libicucore.dylib; sourceTree = SDKROOT; };
		16707C9416D35B5100C8C9A4 /* libdb.a */ = {isa = PBXFileReference; lastKnownFileType = archive.ar; name = libdb.a; path = ../../lib/iOS/libdb.a; sourceTree = "<group>"; };
		1670800316D376DA00C8C9A4 /* iflymsc.a */ = {isa = PBXFileReference; lastKnownFileType = archive.ar; name = iflymsc.a; path = ../../lib/iOS/iflymsc.a; sourceTree = "<group>"; };
		1670800716D376F700C8C9A4 /* AudioToolbox.framework */ = {isa = PBXFileReference; lastKnownFileType = wrapper.framework; name = AudioToolbox.framework; path = System/Library/Frameworks/AudioToolbox.framework; sourceTree = SDKROOT; };
		1670800916D3771100C8C9A4 /* CFNetwork.framework */ = {isa = PBXFileReference; lastKnownFileType = wrapper.framework; name = CFNetwork.framework; path = System/Library/Frameworks/CFNetwork.framework; sourceTree = SDKROOT; };
		1670800B16D3772300C8C9A4 /* SystemConfiguration.framework */ = {isa = PBXFileReference; lastKnownFileType = wrapper.framework; name = SystemConfiguration.framework; path = System/Library/Frameworks/SystemConfiguration.framework; sourceTree = SDKROOT; };
/* End PBXFileReference section */

/* Begin PBXFrameworksBuildPhase section */
		167078EA16D3591A00C8C9A4 /* Frameworks */ = {
			isa = PBXFrameworksBuildPhase;
			buildActionMask = 2147483647;
			files = (
				1670800C16D3772300C8C9A4 /* SystemConfiguration.framework in Frameworks */,
				1670800A16D3771100C8C9A4 /* CFNetwork.framework in Frameworks */,
				1670800816D376F700C8C9A4 /* AudioToolbox.framework in Frameworks */,
				1670800416D376DA00C8C9A4 /* iflymsc.a in Frameworks */,
				16707C9516D35B5100C8C9A4 /* libdb.a in Frameworks */,
				16707C9316D35B4800C8C9A4 /* libicucore.dylib in Frameworks */,
				16707C9116D35B4400C8C9A4 /* libxml2.dylib in Frameworks */,
				16707C8F16D35B3D00C8C9A4 /* QuartzCore.framework in Frameworks */,
				167078F116D3591A00C8C9A4 /* UIKit.framework in Frameworks */,
				167078F316D3591A00C8C9A4 /* Foundation.framework in Frameworks */,
				167078F516D3591A00C8C9A4 /* CoreGraphics.framework in Frameworks */,
			);
			runOnlyForDeploymentPostprocessing = 0;
		};
/* End PBXFrameworksBuildPhase section */

/* Begin PBXGroup section */
		167078E416D3591A00C8C9A4 = {
			isa = PBXGroup;
			children = (
				167078F616D3591A00C8C9A4 /* voice */,
				167078EF16D3591A00C8C9A4 /* Frameworks */,
				167078EE16D3591A00C8C9A4 /* Products */,
			);
			sourceTree = "<group>";
		};
		167078EE16D3591A00C8C9A4 /* Products */ = {
			isa = PBXGroup;
			children = (
				167078ED16D3591A00C8C9A4 /* voice.app */,
			);
			name = Products;
			sourceTree = "<group>";
		};
		167078EF16D3591A00C8C9A4 /* Frameworks */ = {
			isa = PBXGroup;
			children = (
				1670800B16D3772300C8C9A4 /* SystemConfiguration.framework */,
				1670800916D3771100C8C9A4 /* CFNetwork.framework */,
				1670800716D376F700C8C9A4 /* AudioToolbox.framework */,
				1670800316D376DA00C8C9A4 /* iflymsc.a */,
				16707C9416D35B5100C8C9A4 /* libdb.a */,
				16707C9216D35B4800C8C9A4 /* libicucore.dylib */,
				16707C9016D35B4400C8C9A4 /* libxml2.dylib */,
				16707C8E16D35B3D00C8C9A4 /* QuartzCore.framework */,
				1670792116D35AC200C8C9A4 /* Default.png */,
				1670791F16D35AC000C8C9A4 /* Default@2x.png */,
				1670791D16D35ABE00C8C9A4 /* Default-568h@2x.png */,
				1670791B16D35A0900C8C9A4 /* Default-Landscape~ipad.png */,
				1670791916D35A0600C8C9A4 /* Default-Landscape@2x~ipad.png */,
				1670791716D35A0200C8C9A4 /* Default-Portrait~ipad.png */,
				1670791516D35A0000C8C9A4 /* Default-Portrait@2x~ipad.png */,
				1670791316D359E300C8C9A4 /* logo@144.png */,
				1670791116D359E100C8C9A4 /* logo@72.png */,
				1670790F16D359DC00C8C9A4 /* logo@114.png */,
				1670790D16D359DA00C8C9A4 /* logo@57.png */,
				167078F016D3591A00C8C9A4 /* UIKit.framework */,
				167078F216D3591A00C8C9A4 /* Foundation.framework */,
				167078F416D3591A00C8C9A4 /* CoreGraphics.framework */,
			);
			name = Frameworks;
			sourceTree = "<group>";
		};
		167078F616D3591A00C8C9A4 /* voice */ = {
			isa = PBXGroup;
			children = (
				16707C8916D35AF500C8C9A4 /* MainController.h */,
				16707C8A16D35AF500C8C9A4 /* MainController.mm */,
				167078FF16D3591A00C8C9A4 /* AppDelegate.h */,
				1670790016D3591A00C8C9A4 /* AppDelegate.mm */,
				167078F716D3591A00C8C9A4 /* Supporting Files */,
			);
			path = voice;
			sourceTree = "<group>";
		};
		167078F716D3591A00C8C9A4 /* Supporting Files */ = {
			isa = PBXGroup;
			children = (
				167078F816D3591A00C8C9A4 /* voice-Info.plist */,
				167078F916D3591A00C8C9A4 /* InfoPlist.strings */,
				167078FC16D3591A00C8C9A4 /* main.mm */,
				167078FE16D3591A00C8C9A4 /* voice-Prefix.pch */,
			);
			name = "Supporting Files";
			sourceTree = "<group>";
		};
/* End PBXGroup section */

/* Begin PBXNativeTarget section */
		167078EC16D3591A00C8C9A4 /* voice */ = {
			isa = PBXNativeTarget;
			buildConfigurationList = 1670790A16D3591A00C8C9A4 /* Build configuration list for PBXNativeTarget "voice" */;
			buildPhases = (
				167078E916D3591A00C8C9A4 /* Sources */,
				167078EA16D3591A00C8C9A4 /* Frameworks */,
				167078EB16D3591A00C8C9A4 /* Resources */,
			);
			buildRules = (
			);
			dependencies = (
			);
			name = voice;
			productName = voice;
			productReference = 167078ED16D3591A00C8C9A4 /* voice.app */;
			productType = "com.apple.product-type.application";
		};
/* End PBXNativeTarget section */

/* Begin PBXProject section */
		167078E516D3591A00C8C9A4 /* Project object */ = {
			isa = PBXProject;
			attributes = {
				LastUpgradeCheck = 0460;
				ORGANIZATIONNAME = wsi;
			};
			buildConfigurationList = 167078E816D3591A00C8C9A4 /* Build configuration list for PBXProject "voice" */;
			compatibilityVersion = "Xcode 3.2";
			developmentRegion = English;
			hasScannedForEncodings = 0;
			knownRegions = (
				en,
			);
			mainGroup = 167078E416D3591A00C8C9A4;
			productRefGroup = 167078EE16D3591A00C8C9A4 /* Products */;
			projectDirPath = "";
			projectRoot = "";
			targets = (
				167078EC16D3591A00C8C9A4 /* voice */,
			);
		};
/* End PBXProject section */

/* Begin PBXResourcesBuildPhase section */
		167078EB16D3591A00C8C9A4 /* Resources */ = {
			isa = PBXResourcesBuildPhase;
			buildActionMask = 2147483647;
			files = (
				167078FB16D3591A00C8C9A4 /* InfoPlist.strings in Resources */,
				1670790E16D359DA00C8C9A4 /* logo@57.png in Resources */,
				1670791016D359DC00C8C9A4 /* logo@114.png in Resources */,
				1670791216D359E100C8C9A4 /* logo@72.png in Resources */,
				1670791416D359E300C8C9A4 /* logo@144.png in Resources */,
				1670791616D35A0000C8C9A4 /* Default-Portrait@2x~ipad.png in Resources */,
				1670791816D35A0200C8C9A4 /* Default-Portrait~ipad.png in Resources */,
				1670791A16D35A0600C8C9A4 /* Default-Landscape@2x~ipad.png in Resources */,
				1670791C16D35A0900C8C9A4 /* Default-Landscape~ipad.png in Resources */,
				1670791E16D35ABE00C8C9A4 /* Default-568h@2x.png in Resources */,
				1670792016D35AC000C8C9A4 /* Default@2x.png in Resources */,
				1670792216D35AC200C8C9A4 /* Default.png in Resources */,
			);
			runOnlyForDeploymentPostprocessing = 0;
		};
/* End PBXResourcesBuildPhase section */

/* Begin PBXSourcesBuildPhase section */
		167078E916D3591A00C8C9A4 /* Sources */ = {
			isa = PBXSourcesBuildPhase;
			buildActionMask = 2147483647;
			files = (
				167078FD16D3591A00C8C9A4 /* main.mm in Sources */,
				1670790116D3591A00C8C9A4 /* AppDelegate.mm in Sources */,
				16707C8B16D35AF500C8C9A4 /* MainController.mm in Sources */,
			);
			runOnlyForDeploymentPostprocessing = 0;
		};
/* End PBXSourcesBuildPhase section */

/* Begin PBXVariantGroup section */
		167078F916D3591A00C8C9A4 /* InfoPlist.strings */ = {
			isa = PBXVariantGroup;
			children = (
				167078FA16D3591A00C8C9A4 /* en */,
			);
			name = InfoPlist.strings;
			sourceTree = "<group>";
		};
/* End PBXVariantGroup section */

/* Begin XCBuildConfiguration section */
		1670790816D3591A00C8C9A4 /* Debug */ = {
			isa = XCBuildConfiguration;
			buildSettings = {
				ALWAYS_SEARCH_USER_PATHS = NO;
				CLANG_CXX_LANGUAGE_STANDARD = "gnu++0x";
				CLANG_CXX_LIBRARY = "compiler-default";
				CLANG_WARN_CONSTANT_CONVERSION = YES;
				CLANG_WARN_EMPTY_BODY = YES;
				CLANG_WARN_ENUM_CONVERSION = YES;
				CLANG_WARN_INT_CONVERSION = YES;
				CLANG_WARN__DUPLICATE_METHOD_MATCH = YES;
				"CODE_SIGN_IDENTITY[sdk=iphoneos*]" = "iPhone Developer";
				COPY_PHASE_STRIP = NO;
				GCC_C_LANGUAGE_STANDARD = gnu99;
				GCC_DYNAMIC_NO_PIC = NO;
				GCC_OPTIMIZATION_LEVEL = 0;
				GCC_PREPROCESSOR_DEFINITIONS = (
					"DEBUG=1",
					"$(inherited)",
				);
				GCC_SYMBOLS_PRIVATE_EXTERN = NO;
				GCC_WARN_ABOUT_RETURN_TYPE = YES;
				GCC_WARN_UNINITIALIZED_AUTOS = YES;
				GCC_WARN_UNUSED_VARIABLE = YES;
				IPHONEOS_DEPLOYMENT_TARGET = 4.0;
				ONLY_ACTIVE_ARCH = YES;
				SDKROOT = iphoneos;
				TARGETED_DEVICE_FAMILY = "1,2";
			};
			name = Debug;
		};
		1670790916D3591A00C8C9A4 /* Release */ = {
			isa = XCBuildConfiguration;
			buildSettings = {
				ALWAYS_SEARCH_USER_PATHS = NO;
				CLANG_CXX_LANGUAGE_STANDARD = "gnu++0x";
				CLANG_CXX_LIBRARY = "compiler-default";
				CLANG_WARN_CONSTANT_CONVERSION = YES;
				CLANG_WARN_EMPTY_BODY = YES;
				CLANG_WARN_ENUM_CONVERSION = YES;
				CLANG_WARN_INT_CONVERSION = YES;
				CLANG_WARN__DUPLICATE_METHOD_MATCH = YES;
				"CODE_SIGN_IDENTITY[sdk=iphoneos*]" = "iPhone Developer";
				COPY_PHASE_STRIP = YES;
				GCC_C_LANGUAGE_STANDARD = gnu99;
				GCC_WARN_ABOUT_RETURN_TYPE = YES;
				GCC_WARN_UNINITIALIZED_AUTOS = YES;
				GCC_WARN_UNUSED_VARIABLE = YES;
				IPHONEOS_DEPLOYMENT_TARGET = 4.0;
				OTHER_CFLAGS = "-DNS_BLOCK_ASSERTIONS=1";
				SDKROOT = iphoneos;
				TARGETED_DEVICE_FAMILY = "1,2";
				VALIDATE_PRODUCT = YES;
			};
			name = Release;
		};
		1670790B16D3591A00C8C9A4 /* Debug */ = {
			isa = XCBuildConfiguration;
			buildSettings = {
				GCC_PRECOMPILE_PREFIX_HEADER = YES;
				GCC_PREFIX_HEADER = "voice/voice-Prefix.pch";
				INFOPLIST_FILE = "voice/voice-Info.plist";
				LIBRARY_SEARCH_PATHS = (
					"$(inherited)",
					"\"/Users/wybo/Library/Developer/Xcode/DerivedData/allinone-hacgciqvgdhxsyaphezszhfnnbaw/Build/Products/Debug-iphoneos\"",
					"\"$(SRCROOT)/../../lib/iOS\"",
				);
				PRODUCT_NAME = "$(TARGET_NAME)";
				WRAPPER_EXTENSION = app;
			};
			name = Debug;
		};
		1670790C16D3591A00C8C9A4 /* Release */ = {
			isa = XCBuildConfiguration;
			buildSettings = {
				GCC_PRECOMPILE_PREFIX_HEADER = YES;
				GCC_PREFIX_HEADER = "voice/voice-Prefix.pch";
				INFOPLIST_FILE = "voice/voice-Info.plist";
				LIBRARY_SEARCH_PATHS = (
					"$(inherited)",
					"\"/Users/wybo/Library/Developer/Xcode/DerivedData/allinone-hacgciqvgdhxsyaphezszhfnnbaw/Build/Products/Debug-iphoneos\"",
					"\"$(SRCROOT)/../../lib/iOS\"",
				);
				PRODUCT_NAME = "$(TARGET_NAME)";
				WRAPPER_EXTENSION = app;
			};
			name = Release;
		};
/* End XCBuildConfiguration section */

/* Begin XCConfigurationList section */
		167078E816D3591A00C8C9A4 /* Build configuration list for PBXProject "voice" */ = {
			isa = XCConfigurationList;
			buildConfigurations = (
				1670790816D3591A00C8C9A4 /* Debug */,
				1670790916D3591A00C8C9A4 /* Release */,
			);
			defaultConfigurationIsVisible = 0;
			defaultConfigurationName = Release;
		};
		1670790A16D3591A00C8C9A4 /* Build configuration list for PBXNativeTarget "voice" */ = {
			isa = XCConfigurationList;
			buildConfigurations = (
				1670790B16D3591A00C8C9A4 /* Debug */,
				1670790C16D3591A00C8C9A4 /* Release */,
			);
			defaultConfigurationIsVisible = 0;
			defaultConfigurationName = Release;
		};
/* End XCConfigurationList section */
	};
	rootObject = 167078E516D3591A00C8C9A4 /* Project object */;
}
