// !$*UTF8*$!
{
	archiveVersion = 1;
	classes = {
	};
	objectVersion = 46;
	objects = {

/* Begin PBXBuildFile section */
		16937B5615B46E62004AC90C /* UIKit.framework in Frameworks */ = {isa = PBXBuildFile; fileRef = 16937B5515B46E62004AC90C /* UIKit.framework */; };
		16937B5815B46E62004AC90C /* Foundation.framework in Frameworks */ = {isa = PBXBuildFile; fileRef = 16937B5715B46E62004AC90C /* Foundation.framework */; };
		16937B5A15B46E62004AC90C /* CoreGraphics.framework in Frameworks */ = {isa = PBXBuildFile; fileRef = 16937B5915B46E62004AC90C /* CoreGraphics.framework */; };
		16937B6015B46E62004AC90C /* InfoPlist.strings in Resources */ = {isa = PBXBuildFile; fileRef = 16937B5E15B46E62004AC90C /* InfoPlist.strings */; };
		16937B6215B46E62004AC90C /* main.mm in Sources */ = {isa = PBXBuildFile; fileRef = 16937B6115B46E62004AC90C /* main.mm */; };
		16937B6615B46E62004AC90C /* AppDelegate.mm in Sources */ = {isa = PBXBuildFile; fileRef = 16937B6515B46E62004AC90C /* AppDelegate.mm */; };
		16937E6F15B46EA5004AC90C /* logo@57.png in Resources */ = {isa = PBXBuildFile; fileRef = 16937E6E15B46EA5004AC90C /* logo@57.png */; };
		16937E7115B46EA9004AC90C /* logo@114.png in Resources */ = {isa = PBXBuildFile; fileRef = 16937E7015B46EA9004AC90C /* logo@114.png */; };
		16937E7315B46EAF004AC90C /* Default.png in Resources */ = {isa = PBXBuildFile; fileRef = 16937E7215B46EAF004AC90C /* Default.png */; };
		16937E7515B46EB1004AC90C /* Default@2x.png in Resources */ = {isa = PBXBuildFile; fileRef = 16937E7415B46EB1004AC90C /* Default@2x.png */; };
		16937E7715B46EB7004AC90C /* logo@72.png in Resources */ = {isa = PBXBuildFile; fileRef = 16937E7615B46EB7004AC90C /* logo@72.png */; };
		16937E7915B46EBB004AC90C /* logo@144.png in Resources */ = {isa = PBXBuildFile; fileRef = 16937E7815B46EBB004AC90C /* logo@144.png */; };
		16937E7B15B46EC0004AC90C /* Default-Portrait~ipad.png in Resources */ = {isa = PBXBuildFile; fileRef = 16937E7A15B46EC0004AC90C /* Default-Portrait~ipad.png */; };
		16937E7D15B46EC2004AC90C /* Default-Portrait@2x~ipad.png in Resources */ = {isa = PBXBuildFile; fileRef = 16937E7C15B46EC2004AC90C /* Default-Portrait@2x~ipad.png */; };
		16937E7F15B46EC5004AC90C /* Default-Landscape~ipad.png in Resources */ = {isa = PBXBuildFile; fileRef = 16937E7E15B46EC5004AC90C /* Default-Landscape~ipad.png */; };
		16937E8115B46EC8004AC90C /* Default-Landscape@2x~ipad.png in Resources */ = {isa = PBXBuildFile; fileRef = 16937E8015B46EC8004AC90C /* Default-Landscape@2x~ipad.png */; };
		16937E8515B46F2B004AC90C /* libxml2.dylib in Frameworks */ = {isa = PBXBuildFile; fileRef = 16937E8415B46F2B004AC90C /* libxml2.dylib */; };
		16937E8715B46F2E004AC90C /* libicucore.dylib in Frameworks */ = {isa = PBXBuildFile; fileRef = 16937E8615B46F2E004AC90C /* libicucore.dylib */; };
		16937E8915B46F32004AC90C /* QuartzCore.framework in Frameworks */ = {isa = PBXBuildFile; fileRef = 16937E8815B46F32004AC90C /* QuartzCore.framework */; };
		16937E8B15B46F40004AC90C /* libdb.a in Frameworks */ = {isa = PBXBuildFile; fileRef = 16937E8A15B46F40004AC90C /* libdb.a */; };
		16937E8E15B46F7B004AC90C /* MainController.mm in Sources */ = {isa = PBXBuildFile; fileRef = 16937E8D15B46F7B004AC90C /* MainController.mm */; };
/* End PBXBuildFile section */

/* Begin PBXFileReference section */
		16937B5115B46E62004AC90C /* picker.app */ = {isa = PBXFileReference; explicitFileType = wrapper.application; includeInIndex = 0; path = picker.app; sourceTree = BUILT_PRODUCTS_DIR; };
		16937B5515B46E62004AC90C /* UIKit.framework */ = {isa = PBXFileReference; lastKnownFileType = wrapper.framework; name = UIKit.framework; path = System/Library/Frameworks/UIKit.framework; sourceTree = SDKROOT; };
		16937B5715B46E62004AC90C /* Foundation.framework */ = {isa = PBXFileReference; lastKnownFileType = wrapper.framework; name = Foundation.framework; path = System/Library/Frameworks/Foundation.framework; sourceTree = SDKROOT; };
		16937B5915B46E62004AC90C /* CoreGraphics.framework */ = {isa = PBXFileReference; lastKnownFileType = wrapper.framework; name = CoreGraphics.framework; path = System/Library/Frameworks/CoreGraphics.framework; sourceTree = SDKROOT; };
		16937B5D15B46E62004AC90C /* picker-Info.plist */ = {isa = PBXFileReference; lastKnownFileType = text.plist.xml; path = "picker-Info.plist"; sourceTree = "<group>"; };
		16937B5F15B46E62004AC90C /* en */ = {isa = PBXFileReference; lastKnownFileType = text.plist.strings; name = en; path = en.lproj/InfoPlist.strings; sourceTree = "<group>"; };
		16937B6115B46E62004AC90C /* main.mm */ = {isa = PBXFileReference; lastKnownFileType = sourcecode.cpp.objcpp; path = main.mm; sourceTree = "<group>"; };
		16937B6315B46E62004AC90C /* picker-Prefix.pch */ = {isa = PBXFileReference; lastKnownFileType = sourcecode.c.h; path = "picker-Prefix.pch"; sourceTree = "<group>"; };
		16937B6415B46E62004AC90C /* AppDelegate.h */ = {isa = PBXFileReference; lastKnownFileType = sourcecode.c.h; path = AppDelegate.h; sourceTree = "<group>"; };
		16937B6515B46E62004AC90C /* AppDelegate.mm */ = {isa = PBXFileReference; lastKnownFileType = sourcecode.cpp.objcpp; path = AppDelegate.mm; sourceTree = "<group>"; };
		16937E6E15B46EA5004AC90C /* logo@57.png */ = {isa = PBXFileReference; lastKnownFileType = image.png; path = "logo@57.png"; sourceTree = "<group>"; };
		16937E7015B46EA9004AC90C /* logo@114.png */ = {isa = PBXFileReference; lastKnownFileType = image.png; path = "logo@114.png"; sourceTree = "<group>"; };
		16937E7215B46EAF004AC90C /* Default.png */ = {isa = PBXFileReference; lastKnownFileType = image.png; path = Default.png; sourceTree = "<group>"; };
		16937E7415B46EB1004AC90C /* Default@2x.png */ = {isa = PBXFileReference; lastKnownFileType = image.png; path = "Default@2x.png"; sourceTree = "<group>"; };
		16937E7615B46EB7004AC90C /* logo@72.png */ = {isa = PBXFileReference; lastKnownFileType = image.png; path = "logo@72.png"; sourceTree = "<group>"; };
		16937E7815B46EBB004AC90C /* logo@144.png */ = {isa = PBXFileReference; lastKnownFileType = image.png; path = "logo@144.png"; sourceTree = "<group>"; };
		16937E7A15B46EC0004AC90C /* Default-Portrait~ipad.png */ = {isa = PBXFileReference; lastKnownFileType = image.png; path = "Default-Portrait~ipad.png"; sourceTree = "<group>"; };
		16937E7C15B46EC2004AC90C /* Default-Portrait@2x~ipad.png */ = {isa = PBXFileReference; lastKnownFileType = image.png; path = "Default-Portrait@2x~ipad.png"; sourceTree = "<group>"; };
		16937E7E15B46EC5004AC90C /* Default-Landscape~ipad.png */ = {isa = PBXFileReference; lastKnownFileType = image.png; path = "Default-Landscape~ipad.png"; sourceTree = "<group>"; };
		16937E8015B46EC8004AC90C /* Default-Landscape@2x~ipad.png */ = {isa = PBXFileReference; lastKnownFileType = image.png; path = "Default-Landscape@2x~ipad.png"; sourceTree = "<group>"; };
		16937E8415B46F2B004AC90C /* libxml2.dylib */ = {isa = PBXFileReference; lastKnownFileType = "compiled.mach-o.dylib"; name = libxml2.dylib; path = usr/lib/libxml2.dylib; sourceTree = SDKROOT; };
		16937E8615B46F2E004AC90C /* libicucore.dylib */ = {isa = PBXFileReference; lastKnownFileType = "compiled.mach-o.dylib"; name = libicucore.dylib; path = usr/lib/libicucore.dylib; sourceTree = SDKROOT; };
		16937E8815B46F32004AC90C /* QuartzCore.framework */ = {isa = PBXFileReference; lastKnownFileType = wrapper.framework; name = QuartzCore.framework; path = System/Library/Frameworks/QuartzCore.framework; sourceTree = SDKROOT; };
		16937E8A15B46F40004AC90C /* libdb.a */ = {isa = PBXFileReference; lastKnownFileType = archive.ar; name = libdb.a; path = ../../lib/iOS/libdb.a; sourceTree = "<group>"; };
		16937E8C15B46F7B004AC90C /* MainController.h */ = {isa = PBXFileReference; fileEncoding = 4; lastKnownFileType = sourcecode.c.h; path = MainController.h; sourceTree = "<group>"; };
		16937E8D15B46F7B004AC90C /* MainController.mm */ = {isa = PBXFileReference; fileEncoding = 4; lastKnownFileType = sourcecode.cpp.objcpp; path = MainController.mm; sourceTree = "<group>"; };
/* End PBXFileReference section */

/* Begin PBXFrameworksBuildPhase section */
		16937B4E15B46E62004AC90C /* Frameworks */ = {
			isa = PBXFrameworksBuildPhase;
			buildActionMask = 2147483647;
			files = (
				16937E8B15B46F40004AC90C /* libdb.a in Frameworks */,
				16937E8915B46F32004AC90C /* QuartzCore.framework in Frameworks */,
				16937E8715B46F2E004AC90C /* libicucore.dylib in Frameworks */,
				16937E8515B46F2B004AC90C /* libxml2.dylib in Frameworks */,
				16937B5615B46E62004AC90C /* UIKit.framework in Frameworks */,
				16937B5815B46E62004AC90C /* Foundation.framework in Frameworks */,
				16937B5A15B46E62004AC90C /* CoreGraphics.framework in Frameworks */,
			);
			runOnlyForDeploymentPostprocessing = 0;
		};
/* End PBXFrameworksBuildPhase section */

/* Begin PBXGroup section */
		16937B4615B46E62004AC90C = {
			isa = PBXGroup;
			children = (
				16937B5B15B46E62004AC90C /* picker */,
				16937B5415B46E62004AC90C /* Frameworks */,
				16937B5215B46E62004AC90C /* Products */,
			);
			sourceTree = "<group>";
		};
		16937B5215B46E62004AC90C /* Products */ = {
			isa = PBXGroup;
			children = (
				16937B5115B46E62004AC90C /* picker.app */,
			);
			name = Products;
			sourceTree = "<group>";
		};
		16937B5415B46E62004AC90C /* Frameworks */ = {
			isa = PBXGroup;
			children = (
				16937E8A15B46F40004AC90C /* libdb.a */,
				16937E8815B46F32004AC90C /* QuartzCore.framework */,
				16937E8615B46F2E004AC90C /* libicucore.dylib */,
				16937E8415B46F2B004AC90C /* libxml2.dylib */,
				16937E8015B46EC8004AC90C /* Default-Landscape@2x~ipad.png */,
				16937E7E15B46EC5004AC90C /* Default-Landscape~ipad.png */,
				16937E7C15B46EC2004AC90C /* Default-Portrait@2x~ipad.png */,
				16937E7A15B46EC0004AC90C /* Default-Portrait~ipad.png */,
				16937E7815B46EBB004AC90C /* logo@144.png */,
				16937E7615B46EB7004AC90C /* logo@72.png */,
				16937E7415B46EB1004AC90C /* Default@2x.png */,
				16937E7215B46EAF004AC90C /* Default.png */,
				16937E7015B46EA9004AC90C /* logo@114.png */,
				16937E6E15B46EA5004AC90C /* logo@57.png */,
				16937B5515B46E62004AC90C /* UIKit.framework */,
				16937B5715B46E62004AC90C /* Foundation.framework */,
				16937B5915B46E62004AC90C /* CoreGraphics.framework */,
			);
			name = Frameworks;
			sourceTree = "<group>";
		};
		16937B5B15B46E62004AC90C /* picker */ = {
			isa = PBXGroup;
			children = (
				16937B6415B46E62004AC90C /* AppDelegate.h */,
				16937B6515B46E62004AC90C /* AppDelegate.mm */,
				16937E8C15B46F7B004AC90C /* MainController.h */,
				16937E8D15B46F7B004AC90C /* MainController.mm */,
				16937B5C15B46E62004AC90C /* Supporting Files */,
			);
			path = picker;
			sourceTree = "<group>";
		};
		16937B5C15B46E62004AC90C /* Supporting Files */ = {
			isa = PBXGroup;
			children = (
				16937B5D15B46E62004AC90C /* picker-Info.plist */,
				16937B5E15B46E62004AC90C /* InfoPlist.strings */,
				16937B6115B46E62004AC90C /* main.mm */,
				16937B6315B46E62004AC90C /* picker-Prefix.pch */,
			);
			name = "Supporting Files";
			sourceTree = "<group>";
		};
/* End PBXGroup section */

/* Begin PBXNativeTarget section */
		16937B5015B46E62004AC90C /* picker */ = {
			isa = PBXNativeTarget;
			buildConfigurationList = 16937B6915B46E62004AC90C /* Build configuration list for PBXNativeTarget "picker" */;
			buildPhases = (
				16937B4D15B46E62004AC90C /* Sources */,
				16937B4E15B46E62004AC90C /* Frameworks */,
				16937B4F15B46E62004AC90C /* Resources */,
			);
			buildRules = (
			);
			dependencies = (
			);
			name = picker;
			productName = picker;
			productReference = 16937B5115B46E62004AC90C /* picker.app */;
			productType = "com.apple.product-type.application";
		};
/* End PBXNativeTarget section */

/* Begin PBXProject section */
		16937B4815B46E62004AC90C /* Project object */ = {
			isa = PBXProject;
			attributes = {
				LastUpgradeCheck = 0430;
			};
			buildConfigurationList = 16937B4B15B46E62004AC90C /* Build configuration list for PBXProject "picker" */;
			compatibilityVersion = "Xcode 3.2";
			developmentRegion = English;
			hasScannedForEncodings = 0;
			knownRegions = (
				en,
			);
			mainGroup = 16937B4615B46E62004AC90C;
			productRefGroup = 16937B5215B46E62004AC90C /* Products */;
			projectDirPath = "";
			projectRoot = "";
			targets = (
				16937B5015B46E62004AC90C /* picker */,
			);
		};
/* End PBXProject section */

/* Begin PBXResourcesBuildPhase section */
		16937B4F15B46E62004AC90C /* Resources */ = {
			isa = PBXResourcesBuildPhase;
			buildActionMask = 2147483647;
			files = (
				16937B6015B46E62004AC90C /* InfoPlist.strings in Resources */,
				16937E6F15B46EA5004AC90C /* logo@57.png in Resources */,
				16937E7115B46EA9004AC90C /* logo@114.png in Resources */,
				16937E7315B46EAF004AC90C /* Default.png in Resources */,
				16937E7515B46EB1004AC90C /* Default@2x.png in Resources */,
				16937E7715B46EB7004AC90C /* logo@72.png in Resources */,
				16937E7915B46EBB004AC90C /* logo@144.png in Resources */,
				16937E7B15B46EC0004AC90C /* Default-Portrait~ipad.png in Resources */,
				16937E7D15B46EC2004AC90C /* Default-Portrait@2x~ipad.png in Resources */,
				16937E7F15B46EC5004AC90C /* Default-Landscape~ipad.png in Resources */,
				16937E8115B46EC8004AC90C /* Default-Landscape@2x~ipad.png in Resources */,
			);
			runOnlyForDeploymentPostprocessing = 0;
		};
/* End PBXResourcesBuildPhase section */

/* Begin PBXSourcesBuildPhase section */
		16937B4D15B46E62004AC90C /* Sources */ = {
			isa = PBXSourcesBuildPhase;
			buildActionMask = 2147483647;
			files = (
				16937B6215B46E62004AC90C /* main.mm in Sources */,
				16937B6615B46E62004AC90C /* AppDelegate.mm in Sources */,
				16937E8E15B46F7B004AC90C /* MainController.mm in Sources */,
			);
			runOnlyForDeploymentPostprocessing = 0;
		};
/* End PBXSourcesBuildPhase section */

/* Begin PBXVariantGroup section */
		16937B5E15B46E62004AC90C /* InfoPlist.strings */ = {
			isa = PBXVariantGroup;
			children = (
				16937B5F15B46E62004AC90C /* en */,
			);
			name = InfoPlist.strings;
			sourceTree = "<group>";
		};
/* End PBXVariantGroup section */

/* Begin XCBuildConfiguration section */
		16937B6715B46E62004AC90C /* Debug */ = {
			isa = XCBuildConfiguration;
			buildSettings = {
				ALWAYS_SEARCH_USER_PATHS = NO;
				ARCHS = "$(ARCHS_STANDARD_32_BIT)";
				"CODE_SIGN_IDENTITY[sdk=iphoneos*]" = "iPhone Developer";
				COPY_PHASE_STRIP = NO;
				GCC_C_LANGUAGE_STANDARD = gnu99;
				GCC_DYNAMIC_NO_PIC = NO;
				GCC_OPTIMIZATION_LEVEL = 0;
				GCC_PREPROCESSOR_DEFINITIONS = (
					"DEBUG=1",
					"$(inherited)",
				);
				GCC_SYMBOLS_PRIVATE_EXTERN = NO;
				GCC_VERSION = com.apple.compilers.llvm.clang.1_0;
				GCC_WARN_ABOUT_RETURN_TYPE = YES;
				GCC_WARN_UNINITIALIZED_AUTOS = YES;
				GCC_WARN_UNUSED_VARIABLE = YES;
				IPHONEOS_DEPLOYMENT_TARGET = 4.0;
				SDKROOT = iphoneos;
				TARGETED_DEVICE_FAMILY = "1,2";
			};
			name = Debug;
		};
		16937B6815B46E62004AC90C /* Release */ = {
			isa = XCBuildConfiguration;
			buildSettings = {
				ALWAYS_SEARCH_USER_PATHS = NO;
				ARCHS = "$(ARCHS_STANDARD_32_BIT)";
				"CODE_SIGN_IDENTITY[sdk=iphoneos*]" = "iPhone Developer";
				COPY_PHASE_STRIP = YES;
				GCC_C_LANGUAGE_STANDARD = gnu99;
				GCC_VERSION = com.apple.compilers.llvm.clang.1_0;
				GCC_WARN_ABOUT_RETURN_TYPE = YES;
				GCC_WARN_UNINITIALIZED_AUTOS = YES;
				GCC_WARN_UNUSED_VARIABLE = YES;
				IPHONEOS_DEPLOYMENT_TARGET = 4.0;
				OTHER_CFLAGS = "-DNS_BLOCK_ASSERTIONS=1";
				SDKROOT = iphoneos;
				TARGETED_DEVICE_FAMILY = "1,2";
				VALIDATE_PRODUCT = YES;
			};
			name = Release;
		};
		16937B6A15B46E62004AC90C /* Debug */ = {
			isa = XCBuildConfiguration;
			buildSettings = {
				GCC_PRECOMPILE_PREFIX_HEADER = YES;
				GCC_PREFIX_HEADER = "picker/picker-Prefix.pch";
				INFOPLIST_FILE = "picker/picker-Info.plist";
				LIBRARY_SEARCH_PATHS = (
					"$(inherited)",
					"\"/Users/wybo/Library/Developer/Xcode/DerivedData/allinone-ggbqjstczgixlbdpwwfeysjonxen/Build/Products/Debug-iphoneos\"",
					"\"$(SRCROOT)/../../lib/iOS\"",
				);
				PRODUCT_NAME = "$(TARGET_NAME)";
				WRAPPER_EXTENSION = app;
			};
			name = Debug;
		};
		16937B6B15B46E62004AC90C /* Release */ = {
			isa = XCBuildConfiguration;
			buildSettings = {
				GCC_PRECOMPILE_PREFIX_HEADER = YES;
				GCC_PREFIX_HEADER = "picker/picker-Prefix.pch";
				INFOPLIST_FILE = "picker/picker-Info.plist";
				LIBRARY_SEARCH_PATHS = (
					"$(inherited)",
					"\"/Users/wybo/Library/Developer/Xcode/DerivedData/allinone-ggbqjstczgixlbdpwwfeysjonxen/Build/Products/Debug-iphoneos\"",
					"\"$(SRCROOT)/../../lib/iOS\"",
				);
				PRODUCT_NAME = "$(TARGET_NAME)";
				WRAPPER_EXTENSION = app;
			};
			name = Release;
		};
/* End XCBuildConfiguration section */

/* Begin XCConfigurationList section */
		16937B4B15B46E62004AC90C /* Build configuration list for PBXProject "picker" */ = {
			isa = XCConfigurationList;
			buildConfigurations = (
				16937B6715B46E62004AC90C /* Debug */,
				16937B6815B46E62004AC90C /* Release */,
			);
			defaultConfigurationIsVisible = 0;
			defaultConfigurationName = Release;
		};
		16937B6915B46E62004AC90C /* Build configuration list for PBXNativeTarget "picker" */ = {
			isa = XCConfigurationList;
			buildConfigurations = (
				16937B6A15B46E62004AC90C /* Debug */,
				16937B6B15B46E62004AC90C /* Release */,
			);
			defaultConfigurationIsVisible = 0;
			defaultConfigurationName = Release;
		};
/* End XCConfigurationList section */
	};
	rootObject = 16937B4815B46E62004AC90C /* Project object */;
}
