// !$*UTF8*$!
{
	archiveVersion = 1;
	classes = {
	};
	objectVersion = 46;
	objects = {

/* Begin PBXBuildFile section */
		1648F956158746B800A47990 /* Cocoa.framework in Frameworks */ = {isa = PBXBuildFile; fileRef = 1648F955158746B800A47990 /* Cocoa.framework */; };
		1648F960158746B800A47990 /* InfoPlist.strings in Resources */ = {isa = PBXBuildFile; fileRef = 1648F95E158746B800A47990 /* InfoPlist.strings */; };
		1648F962158746B800A47990 /* main.mm in Sources */ = {isa = PBXBuildFile; fileRef = 1648F961158746B800A47990 /* main.mm */; };
		1648F966158746B800A47990 /* Credits.rtf in Resources */ = {isa = PBXBuildFile; fileRef = 1648F964158746B800A47990 /* Credits.rtf */; };
		1648F969158746B800A47990 /* AppDelegate.mm in Sources */ = {isa = PBXBuildFile; fileRef = 1648F968158746B800A47990 /* AppDelegate.mm */; };
		1648F96C158746B800A47990 /* MainMenu.xib in Resources */ = {isa = PBXBuildFile; fileRef = 1648F96A158746B800A47990 /* MainMenu.xib */; };
		1648F97F1587497400A47990 /* wsi.framework in Frameworks */ = {isa = PBXBuildFile; fileRef = 1648F97E1587497400A47990 /* wsi.framework */; };
		1648F98215874A6E00A47990 /* MainController.mm in Sources */ = {isa = PBXBuildFile; fileRef = 1648F98115874A6E00A47990 /* MainController.mm */; };
/* End PBXBuildFile section */

/* Begin PBXFileReference section */
		1648F951158746B800A47990 /* cxx.app */ = {isa = PBXFileReference; explicitFileType = wrapper.application; includeInIndex = 0; path = cxx.app; sourceTree = BUILT_PRODUCTS_DIR; };
		1648F955158746B800A47990 /* Cocoa.framework */ = {isa = PBXFileReference; lastKnownFileType = wrapper.framework; name = Cocoa.framework; path = System/Library/Frameworks/Cocoa.framework; sourceTree = SDKROOT; };
		1648F958158746B800A47990 /* AppKit.framework */ = {isa = PBXFileReference; lastKnownFileType = wrapper.framework; name = AppKit.framework; path = System/Library/Frameworks/AppKit.framework; sourceTree = SDKROOT; };
		1648F959158746B800A47990 /* CoreData.framework */ = {isa = PBXFileReference; lastKnownFileType = wrapper.framework; name = CoreData.framework; path = System/Library/Frameworks/CoreData.framework; sourceTree = SDKROOT; };
		1648F95A158746B800A47990 /* Foundation.framework */ = {isa = PBXFileReference; lastKnownFileType = wrapper.framework; name = Foundation.framework; path = System/Library/Frameworks/Foundation.framework; sourceTree = SDKROOT; };
		1648F95D158746B800A47990 /* cxx-Info.plist */ = {isa = PBXFileReference; lastKnownFileType = text.plist.xml; path = "cxx-Info.plist"; sourceTree = "<group>"; };
		1648F95F158746B800A47990 /* en */ = {isa = PBXFileReference; lastKnownFileType = text.plist.strings; name = en; path = en.lproj/InfoPlist.strings; sourceTree = "<group>"; };
		1648F961158746B800A47990 /* main.mm */ = {isa = PBXFileReference; lastKnownFileType = sourcecode.cpp.objcpp; path = main.mm; sourceTree = "<group>"; };
		1648F963158746B800A47990 /* cxx-Prefix.pch */ = {isa = PBXFileReference; lastKnownFileType = sourcecode.c.h; path = "cxx-Prefix.pch"; sourceTree = "<group>"; };
		1648F965158746B800A47990 /* en */ = {isa = PBXFileReference; lastKnownFileType = text.rtf; name = en; path = en.lproj/Credits.rtf; sourceTree = "<group>"; };
		1648F967158746B800A47990 /* AppDelegate.h */ = {isa = PBXFileReference; lastKnownFileType = sourcecode.c.h; path = AppDelegate.h; sourceTree = "<group>"; };
		1648F968158746B800A47990 /* AppDelegate.mm */ = {isa = PBXFileReference; lastKnownFileType = sourcecode.cpp.objcpp; path = AppDelegate.mm; sourceTree = "<group>"; };
		1648F96B158746B800A47990 /* en */ = {isa = PBXFileReference; lastKnownFileType = file.xib; name = en; path = en.lproj/MainMenu.xib; sourceTree = "<group>"; };
		1648F97E1587497400A47990 /* wsi.framework */ = {isa = PBXFileReference; lastKnownFileType = wrapper.framework; name = wsi.framework; path = "/Users/wybo/Library/Developer/Xcode/DerivedData/allinone-cbtkincitxowbqahtdcgjukvsdjx/Build/Products/Debug/wsi.framework"; sourceTree = "<absolute>"; };
		1648F98015874A6E00A47990 /* MainController.h */ = {isa = PBXFileReference; fileEncoding = 4; lastKnownFileType = sourcecode.c.h; path = MainController.h; sourceTree = "<group>"; };
		1648F98115874A6E00A47990 /* MainController.mm */ = {isa = PBXFileReference; fileEncoding = 4; lastKnownFileType = sourcecode.cpp.objcpp; path = MainController.mm; sourceTree = "<group>"; };
/* End PBXFileReference section */

/* Begin PBXFrameworksBuildPhase section */
		1648F94E158746B800A47990 /* Frameworks */ = {
			isa = PBXFrameworksBuildPhase;
			buildActionMask = 2147483647;
			files = (
				1648F97F1587497400A47990 /* wsi.framework in Frameworks */,
				1648F956158746B800A47990 /* Cocoa.framework in Frameworks */,
			);
			runOnlyForDeploymentPostprocessing = 0;
		};
/* End PBXFrameworksBuildPhase section */

/* Begin PBXGroup section */
		1648F946158746B800A47990 = {
			isa = PBXGroup;
			children = (
				1648F95B158746B800A47990 /* cxx */,
				1648F954158746B800A47990 /* Frameworks */,
				1648F952158746B800A47990 /* Products */,
			);
			sourceTree = "<group>";
		};
		1648F952158746B800A47990 /* Products */ = {
			isa = PBXGroup;
			children = (
				1648F951158746B800A47990 /* cxx.app */,
			);
			name = Products;
			sourceTree = "<group>";
		};
		1648F954158746B800A47990 /* Frameworks */ = {
			isa = PBXGroup;
			children = (
				1648F97E1587497400A47990 /* wsi.framework */,
				1648F955158746B800A47990 /* Cocoa.framework */,
				1648F957158746B800A47990 /* Other Frameworks */,
			);
			name = Frameworks;
			sourceTree = "<group>";
		};
		1648F957158746B800A47990 /* Other Frameworks */ = {
			isa = PBXGroup;
			children = (
				1648F958158746B800A47990 /* AppKit.framework */,
				1648F959158746B800A47990 /* CoreData.framework */,
				1648F95A158746B800A47990 /* Foundation.framework */,
			);
			name = "Other Frameworks";
			sourceTree = "<group>";
		};
		1648F95B158746B800A47990 /* cxx */ = {
			isa = PBXGroup;
			children = (
				1648F967158746B800A47990 /* AppDelegate.h */,
				1648F968158746B800A47990 /* AppDelegate.mm */,
				1648F98015874A6E00A47990 /* MainController.h */,
				1648F98115874A6E00A47990 /* MainController.mm */,
				1648F96A158746B800A47990 /* MainMenu.xib */,
				1648F95C158746B800A47990 /* Supporting Files */,
			);
			path = cxx;
			sourceTree = "<group>";
		};
		1648F95C158746B800A47990 /* Supporting Files */ = {
			isa = PBXGroup;
			children = (
				1648F95D158746B800A47990 /* cxx-Info.plist */,
				1648F95E158746B800A47990 /* InfoPlist.strings */,
				1648F961158746B800A47990 /* main.mm */,
				1648F963158746B800A47990 /* cxx-Prefix.pch */,
				1648F964158746B800A47990 /* Credits.rtf */,
			);
			name = "Supporting Files";
			sourceTree = "<group>";
		};
/* End PBXGroup section */

/* Begin PBXNativeTarget section */
		1648F950158746B800A47990 /* cxx */ = {
			isa = PBXNativeTarget;
			buildConfigurationList = 1648F96F158746B800A47990 /* Build configuration list for PBXNativeTarget "cxx" */;
			buildPhases = (
				1648F94D158746B800A47990 /* Sources */,
				1648F94E158746B800A47990 /* Frameworks */,
				1648F94F158746B800A47990 /* Resources */,
			);
			buildRules = (
			);
			dependencies = (
			);
			name = cxx;
			productName = cxx;
			productReference = 1648F951158746B800A47990 /* cxx.app */;
			productType = "com.apple.product-type.application";
		};
/* End PBXNativeTarget section */

/* Begin PBXProject section */
		1648F948158746B800A47990 /* Project object */ = {
			isa = PBXProject;
			attributes = {
				LastUpgradeCheck = 0430;
			};
			buildConfigurationList = 1648F94B158746B800A47990 /* Build configuration list for PBXProject "cxx" */;
			compatibilityVersion = "Xcode 3.2";
			developmentRegion = English;
			hasScannedForEncodings = 0;
			knownRegions = (
				en,
			);
			mainGroup = 1648F946158746B800A47990;
			productRefGroup = 1648F952158746B800A47990 /* Products */;
			projectDirPath = "";
			projectRoot = "";
			targets = (
				1648F950158746B800A47990 /* cxx */,
			);
		};
/* End PBXProject section */

/* Begin PBXResourcesBuildPhase section */
		1648F94F158746B800A47990 /* Resources */ = {
			isa = PBXResourcesBuildPhase;
			buildActionMask = 2147483647;
			files = (
				1648F960158746B800A47990 /* InfoPlist.strings in Resources */,
				1648F966158746B800A47990 /* Credits.rtf in Resources */,
				1648F96C158746B800A47990 /* MainMenu.xib in Resources */,
			);
			runOnlyForDeploymentPostprocessing = 0;
		};
/* End PBXResourcesBuildPhase section */

/* Begin PBXSourcesBuildPhase section */
		1648F94D158746B800A47990 /* Sources */ = {
			isa = PBXSourcesBuildPhase;
			buildActionMask = 2147483647;
			files = (
				1648F962158746B800A47990 /* main.mm in Sources */,
				1648F969158746B800A47990 /* AppDelegate.mm in Sources */,
				1648F98215874A6E00A47990 /* MainController.mm in Sources */,
			);
			runOnlyForDeploymentPostprocessing = 0;
		};
/* End PBXSourcesBuildPhase section */

/* Begin PBXVariantGroup section */
		1648F95E158746B800A47990 /* InfoPlist.strings */ = {
			isa = PBXVariantGroup;
			children = (
				1648F95F158746B800A47990 /* en */,
			);
			name = InfoPlist.strings;
			sourceTree = "<group>";
		};
		1648F964158746B800A47990 /* Credits.rtf */ = {
			isa = PBXVariantGroup;
			children = (
				1648F965158746B800A47990 /* en */,
			);
			name = Credits.rtf;
			sourceTree = "<group>";
		};
		1648F96A158746B800A47990 /* MainMenu.xib */ = {
			isa = PBXVariantGroup;
			children = (
				1648F96B158746B800A47990 /* en */,
			);
			name = MainMenu.xib;
			sourceTree = "<group>";
		};
/* End PBXVariantGroup section */

/* Begin XCBuildConfiguration section */
		1648F96D158746B800A47990 /* Debug */ = {
			isa = XCBuildConfiguration;
			buildSettings = {
				ALWAYS_SEARCH_USER_PATHS = NO;
				ARCHS = "$(ARCHS_STANDARD_64_BIT)";
				COPY_PHASE_STRIP = NO;
				GCC_C_LANGUAGE_STANDARD = gnu99;
				GCC_DYNAMIC_NO_PIC = NO;
				GCC_ENABLE_OBJC_EXCEPTIONS = YES;
				GCC_OPTIMIZATION_LEVEL = 0;
				GCC_PREPROCESSOR_DEFINITIONS = (
					"DEBUG=1",
					"$(inherited)",
				);
				GCC_SYMBOLS_PRIVATE_EXTERN = NO;
				GCC_VERSION = com.apple.compilers.llvm.clang.1_0;
				GCC_WARN_64_TO_32_BIT_CONVERSION = YES;
				GCC_WARN_ABOUT_RETURN_TYPE = YES;
				GCC_WARN_UNINITIALIZED_AUTOS = YES;
				GCC_WARN_UNUSED_VARIABLE = YES;
				MACOSX_DEPLOYMENT_TARGET = 10.7;
				ONLY_ACTIVE_ARCH = YES;
				SDKROOT = macosx;
			};
			name = Debug;
		};
		1648F96E158746B800A47990 /* Release */ = {
			isa = XCBuildConfiguration;
			buildSettings = {
				ALWAYS_SEARCH_USER_PATHS = NO;
				ARCHS = "$(ARCHS_STANDARD_64_BIT)";
				COPY_PHASE_STRIP = YES;
				DEBUG_INFORMATION_FORMAT = "dwarf-with-dsym";
				GCC_C_LANGUAGE_STANDARD = gnu99;
				GCC_ENABLE_OBJC_EXCEPTIONS = YES;
				GCC_VERSION = com.apple.compilers.llvm.clang.1_0;
				GCC_WARN_64_TO_32_BIT_CONVERSION = YES;
				GCC_WARN_ABOUT_RETURN_TYPE = YES;
				GCC_WARN_UNINITIALIZED_AUTOS = YES;
				GCC_WARN_UNUSED_VARIABLE = YES;
				MACOSX_DEPLOYMENT_TARGET = 10.7;
				SDKROOT = macosx;
			};
			name = Release;
		};
		1648F970158746B800A47990 /* Debug */ = {
			isa = XCBuildConfiguration;
			buildSettings = {
				FRAMEWORK_SEARCH_PATHS = (
					"$(inherited)",
					"\"/Users/wybo/Library/Developer/Xcode/DerivedData/allinone-cbtkincitxowbqahtdcgjukvsdjx/Build/Products/Debug\"",
				);
				GCC_PRECOMPILE_PREFIX_HEADER = YES;
				GCC_PREFIX_HEADER = "cxx/cxx-Prefix.pch";
				INFOPLIST_FILE = "cxx/cxx-Info.plist";
				PRODUCT_NAME = "$(TARGET_NAME)";
				WRAPPER_EXTENSION = app;
			};
			name = Debug;
		};
		1648F971158746B800A47990 /* Release */ = {
			isa = XCBuildConfiguration;
			buildSettings = {
				FRAMEWORK_SEARCH_PATHS = (
					"$(inherited)",
					"\"/Users/wybo/Library/Developer/Xcode/DerivedData/allinone-cbtkincitxowbqahtdcgjukvsdjx/Build/Products/Debug\"",
				);
				GCC_PRECOMPILE_PREFIX_HEADER = YES;
				GCC_PREFIX_HEADER = "cxx/cxx-Prefix.pch";
				INFOPLIST_FILE = "cxx/cxx-Info.plist";
				PRODUCT_NAME = "$(TARGET_NAME)";
				WRAPPER_EXTENSION = app;
			};
			name = Release;
		};
/* End XCBuildConfiguration section */

/* Begin XCConfigurationList section */
		1648F94B158746B800A47990 /* Build configuration list for PBXProject "cxx" */ = {
			isa = XCConfigurationList;
			buildConfigurations = (
				1648F96D158746B800A47990 /* Debug */,
				1648F96E158746B800A47990 /* Release */,
			);
			defaultConfigurationIsVisible = 0;
			defaultConfigurationName = Release;
		};
		1648F96F158746B800A47990 /* Build configuration list for PBXNativeTarget "cxx" */ = {
			isa = XCConfigurationList;
			buildConfigurations = (
				1648F970158746B800A47990 /* Debug */,
				1648F971158746B800A47990 /* Release */,
			);
			defaultConfigurationIsVisible = 0;
			defaultConfigurationName = Release;
		};
/* End XCConfigurationList section */
	};
	rootObject = 1648F948158746B800A47990 /* Project object */;
}
