// !$*UTF8*$!
{
	archiveVersion = 1;
	classes = {
	};
	objectVersion = 46;
	objects = {

/* Begin PBXBuildFile section */
		161D9666157F3E1B00371430 /* navbar.png in Resources */ = {isa = PBXBuildFile; fileRef = 161D9665157F3E1B00371430 /* navbar.png */; };
		161D9CD715818950003F3458 /* refresh.png in Resources */ = {isa = PBXBuildFile; fileRef = 161D9CD615818950003F3458 /* refresh.png */; };
		1621F18915770C0100159CAF /* UIKit.framework in Frameworks */ = {isa = PBXBuildFile; fileRef = 1621F18815770C0100159CAF /* UIKit.framework */; };
		1621F18B15770C0100159CAF /* Foundation.framework in Frameworks */ = {isa = PBXBuildFile; fileRef = 1621F18A15770C0100159CAF /* Foundation.framework */; };
		1621F18D15770C0100159CAF /* CoreGraphics.framework in Frameworks */ = {isa = PBXBuildFile; fileRef = 1621F18C15770C0100159CAF /* CoreGraphics.framework */; };
		1621F19315770C0100159CAF /* InfoPlist.strings in Resources */ = {isa = PBXBuildFile; fileRef = 1621F19115770C0100159CAF /* InfoPlist.strings */; };
		1621F19515770C0100159CAF /* main.mm in Sources */ = {isa = PBXBuildFile; fileRef = 1621F19415770C0100159CAF /* main.mm */; };
		1621F19915770C0100159CAF /* AppDelegate.mm in Sources */ = {isa = PBXBuildFile; fileRef = 1621F19815770C0100159CAF /* AppDelegate.mm */; };
		1621F1A515770C7700159CAF /* logo@57.png in Resources */ = {isa = PBXBuildFile; fileRef = 1621F1A415770C7700159CAF /* logo@57.png */; };
		1621F1A715770C7A00159CAF /* logo@114.png in Resources */ = {isa = PBXBuildFile; fileRef = 1621F1A615770C7A00159CAF /* logo@114.png */; };
		1621F1A915770C7C00159CAF /* Default.png in Resources */ = {isa = PBXBuildFile; fileRef = 1621F1A815770C7C00159CAF /* Default.png */; };
		1621F1AB15770C7E00159CAF /* Default@2x.png in Resources */ = {isa = PBXBuildFile; fileRef = 1621F1AA15770C7E00159CAF /* Default@2x.png */; };
		1621F46315770CBA00159CAF /* AController.mm in Sources */ = {isa = PBXBuildFile; fileRef = 1621F45A15770CBA00159CAF /* AController.mm */; };
		1621F46415770CBA00159CAF /* BController.mm in Sources */ = {isa = PBXBuildFile; fileRef = 1621F45C15770CBA00159CAF /* BController.mm */; };
		1621F46515770CBA00159CAF /* CController.mm in Sources */ = {isa = PBXBuildFile; fileRef = 1621F45E15770CBA00159CAF /* CController.mm */; };
		1621F46615770CBA00159CAF /* DController.mm in Sources */ = {isa = PBXBuildFile; fileRef = 1621F46015770CBA00159CAF /* DController.mm */; };
		1621F46715770CBA00159CAF /* EController.mm in Sources */ = {isa = PBXBuildFile; fileRef = 1621F46215770CBA00159CAF /* EController.mm */; };
		1621F46A15770CE400159CAF /* MainController.mm in Sources */ = {isa = PBXBuildFile; fileRef = 1621F46915770CE400159CAF /* MainController.mm */; };
		1621F46E15770D6200159CAF /* QuartzCore.framework in Frameworks */ = {isa = PBXBuildFile; fileRef = 1621F46D15770D6200159CAF /* QuartzCore.framework */; };
		1621F47015770D6600159CAF /* libxml2.dylib in Frameworks */ = {isa = PBXBuildFile; fileRef = 1621F46F15770D6600159CAF /* libxml2.dylib */; };
		1621F47215770D6A00159CAF /* libicucore.dylib in Frameworks */ = {isa = PBXBuildFile; fileRef = 1621F47115770D6900159CAF /* libicucore.dylib */; };
		1621F47415770D7300159CAF /* libdb.a in Frameworks */ = {isa = PBXBuildFile; fileRef = 1621F47315770D7300159CAF /* libdb.a */; };
/* End PBXBuildFile section */

/* Begin PBXFileReference section */
		161D9665157F3E1B00371430 /* navbar.png */ = {isa = PBXFileReference; lastKnownFileType = image.png; path = navbar.png; sourceTree = "<group>"; };
		161D9CD615818950003F3458 /* refresh.png */ = {isa = PBXFileReference; lastKnownFileType = image.png; path = refresh.png; sourceTree = "<group>"; };
		1621F18415770C0100159CAF /* navigation.app */ = {isa = PBXFileReference; explicitFileType = wrapper.application; includeInIndex = 0; path = navigation.app; sourceTree = BUILT_PRODUCTS_DIR; };
		1621F18815770C0100159CAF /* UIKit.framework */ = {isa = PBXFileReference; lastKnownFileType = wrapper.framework; name = UIKit.framework; path = System/Library/Frameworks/UIKit.framework; sourceTree = SDKROOT; };
		1621F18A15770C0100159CAF /* Foundation.framework */ = {isa = PBXFileReference; lastKnownFileType = wrapper.framework; name = Foundation.framework; path = System/Library/Frameworks/Foundation.framework; sourceTree = SDKROOT; };
		1621F18C15770C0100159CAF /* CoreGraphics.framework */ = {isa = PBXFileReference; lastKnownFileType = wrapper.framework; name = CoreGraphics.framework; path = System/Library/Frameworks/CoreGraphics.framework; sourceTree = SDKROOT; };
		1621F19015770C0100159CAF /* navigation-Info.plist */ = {isa = PBXFileReference; lastKnownFileType = text.plist.xml; path = "navigation-Info.plist"; sourceTree = "<group>"; };
		1621F19215770C0100159CAF /* en */ = {isa = PBXFileReference; lastKnownFileType = text.plist.strings; name = en; path = en.lproj/InfoPlist.strings; sourceTree = "<group>"; };
		1621F19415770C0100159CAF /* main.mm */ = {isa = PBXFileReference; lastKnownFileType = sourcecode.cpp.objcpp; path = main.mm; sourceTree = "<group>"; };
		1621F19615770C0100159CAF /* navigation-Prefix.pch */ = {isa = PBXFileReference; lastKnownFileType = sourcecode.c.h; path = "navigation-Prefix.pch"; sourceTree = "<group>"; };
		1621F19715770C0100159CAF /* AppDelegate.h */ = {isa = PBXFileReference; lastKnownFileType = sourcecode.c.h; path = AppDelegate.h; sourceTree = "<group>"; };
		1621F19815770C0100159CAF /* AppDelegate.mm */ = {isa = PBXFileReference; lastKnownFileType = sourcecode.cpp.objcpp; path = AppDelegate.mm; sourceTree = "<group>"; };
		1621F1A415770C7700159CAF /* logo@57.png */ = {isa = PBXFileReference; lastKnownFileType = image.png; path = "logo@57.png"; sourceTree = "<group>"; };
		1621F1A615770C7A00159CAF /* logo@114.png */ = {isa = PBXFileReference; lastKnownFileType = image.png; path = "logo@114.png"; sourceTree = "<group>"; };
		1621F1A815770C7C00159CAF /* Default.png */ = {isa = PBXFileReference; lastKnownFileType = image.png; path = Default.png; sourceTree = "<group>"; };
		1621F1AA15770C7E00159CAF /* Default@2x.png */ = {isa = PBXFileReference; lastKnownFileType = image.png; path = "Default@2x.png"; sourceTree = "<group>"; };
		1621F45915770CBA00159CAF /* AController.h */ = {isa = PBXFileReference; fileEncoding = 4; lastKnownFileType = sourcecode.c.h; path = AController.h; sourceTree = "<group>"; };
		1621F45A15770CBA00159CAF /* AController.mm */ = {isa = PBXFileReference; fileEncoding = 4; lastKnownFileType = sourcecode.cpp.objcpp; path = AController.mm; sourceTree = "<group>"; };
		1621F45B15770CBA00159CAF /* BController.h */ = {isa = PBXFileReference; fileEncoding = 4; lastKnownFileType = sourcecode.c.h; path = BController.h; sourceTree = "<group>"; };
		1621F45C15770CBA00159CAF /* BController.mm */ = {isa = PBXFileReference; fileEncoding = 4; lastKnownFileType = sourcecode.cpp.objcpp; path = BController.mm; sourceTree = "<group>"; };
		1621F45D15770CBA00159CAF /* CController.h */ = {isa = PBXFileReference; fileEncoding = 4; lastKnownFileType = sourcecode.c.h; path = CController.h; sourceTree = "<group>"; };
		1621F45E15770CBA00159CAF /* CController.mm */ = {isa = PBXFileReference; fileEncoding = 4; lastKnownFileType = sourcecode.cpp.objcpp; path = CController.mm; sourceTree = "<group>"; };
		1621F45F15770CBA00159CAF /* DController.h */ = {isa = PBXFileReference; fileEncoding = 4; lastKnownFileType = sourcecode.c.h; path = DController.h; sourceTree = "<group>"; };
		1621F46015770CBA00159CAF /* DController.mm */ = {isa = PBXFileReference; fileEncoding = 4; lastKnownFileType = sourcecode.cpp.objcpp; path = DController.mm; sourceTree = "<group>"; };
		1621F46115770CBA00159CAF /* EController.h */ = {isa = PBXFileReference; fileEncoding = 4; lastKnownFileType = sourcecode.c.h; path = EController.h; sourceTree = "<group>"; };
		1621F46215770CBA00159CAF /* EController.mm */ = {isa = PBXFileReference; fileEncoding = 4; lastKnownFileType = sourcecode.cpp.objcpp; path = EController.mm; sourceTree = "<group>"; };
		1621F46815770CE400159CAF /* MainController.h */ = {isa = PBXFileReference; fileEncoding = 4; lastKnownFileType = sourcecode.c.h; path = MainController.h; sourceTree = "<group>"; };
		1621F46915770CE400159CAF /* MainController.mm */ = {isa = PBXFileReference; fileEncoding = 4; lastKnownFileType = sourcecode.cpp.objcpp; path = MainController.mm; sourceTree = "<group>"; };
		1621F46D15770D6200159CAF /* QuartzCore.framework */ = {isa = PBXFileReference; lastKnownFileType = wrapper.framework; name = QuartzCore.framework; path = System/Library/Frameworks/QuartzCore.framework; sourceTree = SDKROOT; };
		1621F46F15770D6600159CAF /* libxml2.dylib */ = {isa = PBXFileReference; lastKnownFileType = "compiled.mach-o.dylib"; name = libxml2.dylib; path = usr/lib/libxml2.dylib; sourceTree = SDKROOT; };
		1621F47115770D6900159CAF /* libicucore.dylib */ = {isa = PBXFileReference; lastKnownFileType = "compiled.mach-o.dylib"; name = libicucore.dylib; path = usr/lib/libicucore.dylib; sourceTree = SDKROOT; };
		1621F47315770D7300159CAF /* libdb.a */ = {isa = PBXFileReference; lastKnownFileType = archive.ar; name = libdb.a; path = ../../lib/iOS/libdb.a; sourceTree = "<group>"; };
/* End PBXFileReference section */

/* Begin PBXFrameworksBuildPhase section */
		1621F18115770C0100159CAF /* Frameworks */ = {
			isa = PBXFrameworksBuildPhase;
			buildActionMask = 2147483647;
			files = (
				1621F47415770D7300159CAF /* libdb.a in Frameworks */,
				1621F47215770D6A00159CAF /* libicucore.dylib in Frameworks */,
				1621F47015770D6600159CAF /* libxml2.dylib in Frameworks */,
				1621F46E15770D6200159CAF /* QuartzCore.framework in Frameworks */,
				1621F18915770C0100159CAF /* UIKit.framework in Frameworks */,
				1621F18B15770C0100159CAF /* Foundation.framework in Frameworks */,
				1621F18D15770C0100159CAF /* CoreGraphics.framework in Frameworks */,
			);
			runOnlyForDeploymentPostprocessing = 0;
		};
/* End PBXFrameworksBuildPhase section */

/* Begin PBXGroup section */
		1621F17915770C0100159CAF = {
			isa = PBXGroup;
			children = (
				1621F18E15770C0100159CAF /* navigation */,
				1621F18715770C0100159CAF /* Frameworks */,
				1621F18515770C0100159CAF /* Products */,
			);
			sourceTree = "<group>";
		};
		1621F18515770C0100159CAF /* Products */ = {
			isa = PBXGroup;
			children = (
				1621F18415770C0100159CAF /* navigation.app */,
			);
			name = Products;
			sourceTree = "<group>";
		};
		1621F18715770C0100159CAF /* Frameworks */ = {
			isa = PBXGroup;
			children = (
				1621F47315770D7300159CAF /* libdb.a */,
				1621F47115770D6900159CAF /* libicucore.dylib */,
				1621F46F15770D6600159CAF /* libxml2.dylib */,
				1621F46D15770D6200159CAF /* QuartzCore.framework */,
				1621F1AA15770C7E00159CAF /* Default@2x.png */,
				1621F1A815770C7C00159CAF /* Default.png */,
				1621F1A615770C7A00159CAF /* logo@114.png */,
				1621F1A415770C7700159CAF /* logo@57.png */,
				1621F18815770C0100159CAF /* UIKit.framework */,
				1621F18A15770C0100159CAF /* Foundation.framework */,
				1621F18C15770C0100159CAF /* CoreGraphics.framework */,
			);
			name = Frameworks;
			sourceTree = "<group>";
		};
		1621F18E15770C0100159CAF /* navigation */ = {
			isa = PBXGroup;
			children = (
				161D9CD615818950003F3458 /* refresh.png */,
				161D9665157F3E1B00371430 /* navbar.png */,
				1621F45915770CBA00159CAF /* AController.h */,
				1621F45A15770CBA00159CAF /* AController.mm */,
				1621F45B15770CBA00159CAF /* BController.h */,
				1621F45C15770CBA00159CAF /* BController.mm */,
				1621F45D15770CBA00159CAF /* CController.h */,
				1621F45E15770CBA00159CAF /* CController.mm */,
				1621F45F15770CBA00159CAF /* DController.h */,
				1621F46015770CBA00159CAF /* DController.mm */,
				1621F46115770CBA00159CAF /* EController.h */,
				1621F46215770CBA00159CAF /* EController.mm */,
				1621F19715770C0100159CAF /* AppDelegate.h */,
				1621F19815770C0100159CAF /* AppDelegate.mm */,
				1621F46815770CE400159CAF /* MainController.h */,
				1621F46915770CE400159CAF /* MainController.mm */,
				1621F18F15770C0100159CAF /* Supporting Files */,
			);
			path = navigation;
			sourceTree = "<group>";
		};
		1621F18F15770C0100159CAF /* Supporting Files */ = {
			isa = PBXGroup;
			children = (
				1621F19015770C0100159CAF /* navigation-Info.plist */,
				1621F19115770C0100159CAF /* InfoPlist.strings */,
				1621F19415770C0100159CAF /* main.mm */,
				1621F19615770C0100159CAF /* navigation-Prefix.pch */,
			);
			name = "Supporting Files";
			sourceTree = "<group>";
		};
/* End PBXGroup section */

/* Begin PBXNativeTarget section */
		1621F18315770C0100159CAF /* navigation */ = {
			isa = PBXNativeTarget;
			buildConfigurationList = 1621F19C15770C0100159CAF /* Build configuration list for PBXNativeTarget "navigation" */;
			buildPhases = (
				1621F18015770C0100159CAF /* Sources */,
				1621F18115770C0100159CAF /* Frameworks */,
				1621F18215770C0100159CAF /* Resources */,
			);
			buildRules = (
			);
			dependencies = (
			);
			name = navigation;
			productName = navigation;
			productReference = 1621F18415770C0100159CAF /* navigation.app */;
			productType = "com.apple.product-type.application";
		};
/* End PBXNativeTarget section */

/* Begin PBXProject section */
		1621F17B15770C0100159CAF /* Project object */ = {
			isa = PBXProject;
			attributes = {
				LastUpgradeCheck = 0430;
			};
			buildConfigurationList = 1621F17E15770C0100159CAF /* Build configuration list for PBXProject "navigation" */;
			compatibilityVersion = "Xcode 3.2";
			developmentRegion = English;
			hasScannedForEncodings = 0;
			knownRegions = (
				en,
			);
			mainGroup = 1621F17915770C0100159CAF;
			productRefGroup = 1621F18515770C0100159CAF /* Products */;
			projectDirPath = "";
			projectRoot = "";
			targets = (
				1621F18315770C0100159CAF /* navigation */,
			);
		};
/* End PBXProject section */

/* Begin PBXResourcesBuildPhase section */
		1621F18215770C0100159CAF /* Resources */ = {
			isa = PBXResourcesBuildPhase;
			buildActionMask = 2147483647;
			files = (
				1621F19315770C0100159CAF /* InfoPlist.strings in Resources */,
				1621F1A515770C7700159CAF /* logo@57.png in Resources */,
				1621F1A715770C7A00159CAF /* logo@114.png in Resources */,
				1621F1A915770C7C00159CAF /* Default.png in Resources */,
				1621F1AB15770C7E00159CAF /* Default@2x.png in Resources */,
				161D9666157F3E1B00371430 /* navbar.png in Resources */,
				161D9CD715818950003F3458 /* refresh.png in Resources */,
			);
			runOnlyForDeploymentPostprocessing = 0;
		};
/* End PBXResourcesBuildPhase section */

/* Begin PBXSourcesBuildPhase section */
		1621F18015770C0100159CAF /* Sources */ = {
			isa = PBXSourcesBuildPhase;
			buildActionMask = 2147483647;
			files = (
				1621F19515770C0100159CAF /* main.mm in Sources */,
				1621F19915770C0100159CAF /* AppDelegate.mm in Sources */,
				1621F46315770CBA00159CAF /* AController.mm in Sources */,
				1621F46415770CBA00159CAF /* BController.mm in Sources */,
				1621F46515770CBA00159CAF /* CController.mm in Sources */,
				1621F46615770CBA00159CAF /* DController.mm in Sources */,
				1621F46715770CBA00159CAF /* EController.mm in Sources */,
				1621F46A15770CE400159CAF /* MainController.mm in Sources */,
			);
			runOnlyForDeploymentPostprocessing = 0;
		};
/* End PBXSourcesBuildPhase section */

/* Begin PBXVariantGroup section */
		1621F19115770C0100159CAF /* InfoPlist.strings */ = {
			isa = PBXVariantGroup;
			children = (
				1621F19215770C0100159CAF /* en */,
			);
			name = InfoPlist.strings;
			sourceTree = "<group>";
		};
/* End PBXVariantGroup section */

/* Begin XCBuildConfiguration section */
		1621F19A15770C0100159CAF /* Debug */ = {
			isa = XCBuildConfiguration;
			buildSettings = {
				ALWAYS_SEARCH_USER_PATHS = NO;
				ARCHS = "$(ARCHS_STANDARD_32_BIT)";
				"CODE_SIGN_IDENTITY[sdk=iphoneos*]" = "iPhone Developer";
				COPY_PHASE_STRIP = NO;
				GCC_C_LANGUAGE_STANDARD = gnu99;
				GCC_DYNAMIC_NO_PIC = NO;
				GCC_OPTIMIZATION_LEVEL = 0;
				GCC_PREPROCESSOR_DEFINITIONS = (
					"DEBUG=1",
					"$(inherited)",
				);
				GCC_SYMBOLS_PRIVATE_EXTERN = NO;
				GCC_VERSION = com.apple.compilers.llvm.clang.1_0;
				GCC_WARN_ABOUT_RETURN_TYPE = YES;
				GCC_WARN_UNINITIALIZED_AUTOS = YES;
				GCC_WARN_UNUSED_VARIABLE = YES;
				IPHONEOS_DEPLOYMENT_TARGET = 4.0;
				SDKROOT = iphoneos;
				TARGETED_DEVICE_FAMILY = "1,2";
			};
			name = Debug;
		};
		1621F19B15770C0100159CAF /* Release */ = {
			isa = XCBuildConfiguration;
			buildSettings = {
				ALWAYS_SEARCH_USER_PATHS = NO;
				ARCHS = "$(ARCHS_STANDARD_32_BIT)";
				"CODE_SIGN_IDENTITY[sdk=iphoneos*]" = "iPhone Developer";
				COPY_PHASE_STRIP = YES;
				GCC_C_LANGUAGE_STANDARD = gnu99;
				GCC_VERSION = com.apple.compilers.llvm.clang.1_0;
				GCC_WARN_ABOUT_RETURN_TYPE = YES;
				GCC_WARN_UNINITIALIZED_AUTOS = YES;
				GCC_WARN_UNUSED_VARIABLE = YES;
				IPHONEOS_DEPLOYMENT_TARGET = 4.0;
				OTHER_CFLAGS = "-DNS_BLOCK_ASSERTIONS=1";
				SDKROOT = iphoneos;
				TARGETED_DEVICE_FAMILY = "1,2";
				VALIDATE_PRODUCT = YES;
			};
			name = Release;
		};
		1621F19D15770C0100159CAF /* Debug */ = {
			isa = XCBuildConfiguration;
			buildSettings = {
				GCC_PRECOMPILE_PREFIX_HEADER = YES;
				GCC_PREFIX_HEADER = "navigation/navigation-Prefix.pch";
				INFOPLIST_FILE = "navigation/navigation-Info.plist";
				IPHONEOS_DEPLOYMENT_TARGET = 4.0;
				LIBRARY_SEARCH_PATHS = (
					"$(inherited)",
					"\"/Users/wybo/Library/Developer/Xcode/DerivedData/allinone-grfriqmlrljimgcjcjllfdwbyozk/Build/Products/Debug-iphoneos\"",
					"\"$(SRCROOT)/../../lib/iOS\"",
				);
				PRODUCT_NAME = "$(TARGET_NAME)";
				TARGETED_DEVICE_FAMILY = "1,2";
				WRAPPER_EXTENSION = app;
			};
			name = Debug;
		};
		1621F19E15770C0100159CAF /* Release */ = {
			isa = XCBuildConfiguration;
			buildSettings = {
				GCC_PRECOMPILE_PREFIX_HEADER = YES;
				GCC_PREFIX_HEADER = "navigation/navigation-Prefix.pch";
				INFOPLIST_FILE = "navigation/navigation-Info.plist";
				IPHONEOS_DEPLOYMENT_TARGET = 4.0;
				LIBRARY_SEARCH_PATHS = (
					"$(inherited)",
					"\"/Users/wybo/Library/Developer/Xcode/DerivedData/allinone-grfriqmlrljimgcjcjllfdwbyozk/Build/Products/Debug-iphoneos\"",
					"\"$(SRCROOT)/../../lib/iOS\"",
				);
				PRODUCT_NAME = "$(TARGET_NAME)";
				TARGETED_DEVICE_FAMILY = "1,2";
				WRAPPER_EXTENSION = app;
			};
			name = Release;
		};
/* End XCBuildConfiguration section */

/* Begin XCConfigurationList section */
		1621F17E15770C0100159CAF /* Build configuration list for PBXProject "navigation" */ = {
			isa = XCConfigurationList;
			buildConfigurations = (
				1621F19A15770C0100159CAF /* Debug */,
				1621F19B15770C0100159CAF /* Release */,
			);
			defaultConfigurationIsVisible = 0;
			defaultConfigurationName = Release;
		};
		1621F19C15770C0100159CAF /* Build configuration list for PBXNativeTarget "navigation" */ = {
			isa = XCConfigurationList;
			buildConfigurations = (
				1621F19D15770C0100159CAF /* Debug */,
				1621F19E15770C0100159CAF /* Release */,
			);
			defaultConfigurationIsVisible = 0;
			defaultConfigurationName = Release;
		};
/* End XCConfigurationList section */
	};
	rootObject = 1621F17B15770C0100159CAF /* Project object */;
}
