// !$*UTF8*$!
{
	archiveVersion = 1;
	classes = {
	};
	objectVersion = 46;
	objects = {

/* Begin PBXBuildFile section */
		16610BFB148D270000610E59 /* UIKit.framework in Frameworks */ = {isa = PBXBuildFile; fileRef = 16610BFA148D270000610E59 /* UIKit.framework */; };
		16610BFD148D270000610E59 /* Foundation.framework in Frameworks */ = {isa = PBXBuildFile; fileRef = 16610BFC148D270000610E59 /* Foundation.framework */; };
		16610BFF148D270000610E59 /* CoreGraphics.framework in Frameworks */ = {isa = PBXBuildFile; fileRef = 16610BFE148D270000610E59 /* CoreGraphics.framework */; };
		16610C05148D270100610E59 /* InfoPlist.strings in Resources */ = {isa = PBXBuildFile; fileRef = 16610C03148D270000610E59 /* InfoPlist.strings */; };
		16610C07148D270100610E59 /* main.mm in Sources */ = {isa = PBXBuildFile; fileRef = 16610C06148D270100610E59 /* main.mm */; };
		16610C0B148D270100610E59 /* AppDelegate.mm in Sources */ = {isa = PBXBuildFile; fileRef = 16610C0A148D270100610E59 /* AppDelegate.mm */; };
		16610DEC148D27AC00610E59 /* QuartzCore.framework in Frameworks */ = {isa = PBXBuildFile; fileRef = 16610DEB148D27AC00610E59 /* QuartzCore.framework */; };
		16610DF0148D27BA00610E59 /* libxml2.dylib in Frameworks */ = {isa = PBXBuildFile; fileRef = 16610DEF148D27BA00610E59 /* libxml2.dylib */; };
		16610DF2148D27C300610E59 /* libicucore.dylib in Frameworks */ = {isa = PBXBuildFile; fileRef = 16610DF1148D27C300610E59 /* libicucore.dylib */; };
		16EDFE01156B21AD0075681C /* libdb.a in Frameworks */ = {isa = PBXBuildFile; fileRef = 16EDFE00156B21AD0075681C /* libdb.a */; };
		16EDFE03156B22810075681C /* logo@57.png in Resources */ = {isa = PBXBuildFile; fileRef = 16EDFE02156B22810075681C /* logo@57.png */; };
		16EDFE05156B22860075681C /* logo@114.png in Resources */ = {isa = PBXBuildFile; fileRef = 16EDFE04156B22860075681C /* logo@114.png */; };
		16EDFE07156B22880075681C /* Default.png in Resources */ = {isa = PBXBuildFile; fileRef = 16EDFE06156B22880075681C /* Default.png */; };
		16EDFE09156B228A0075681C /* Default@2x.png in Resources */ = {isa = PBXBuildFile; fileRef = 16EDFE08156B228A0075681C /* Default@2x.png */; };
		16EDFE0B156B228F0075681C /* logo@72.png in Resources */ = {isa = PBXBuildFile; fileRef = 16EDFE0A156B228F0075681C /* logo@72.png */; };
		16EDFE0D156B22910075681C /* logo@144.png in Resources */ = {isa = PBXBuildFile; fileRef = 16EDFE0C156B22910075681C /* logo@144.png */; };
		16EDFE0F156B229B0075681C /* Default-Portrait~ipad.png in Resources */ = {isa = PBXBuildFile; fileRef = 16EDFE0E156B229B0075681C /* Default-Portrait~ipad.png */; };
		16EDFE11156B229C0075681C /* Default-Portrait@2x~ipad.png in Resources */ = {isa = PBXBuildFile; fileRef = 16EDFE10156B229C0075681C /* Default-Portrait@2x~ipad.png */; };
		16EDFE13156B22A10075681C /* Default-Landscape~ipad.png in Resources */ = {isa = PBXBuildFile; fileRef = 16EDFE12156B22A10075681C /* Default-Landscape~ipad.png */; };
		16EDFE15156B22A40075681C /* Default-Landscape@2x~ipad.png in Resources */ = {isa = PBXBuildFile; fileRef = 16EDFE14156B22A40075681C /* Default-Landscape@2x~ipad.png */; };
		16EDFE18156B22D60075681C /* MainController.mm in Sources */ = {isa = PBXBuildFile; fileRef = 16EDFE17156B22D60075681C /* MainController.mm */; };
		16EDFE1B156B24D60075681C /* SecController.mm in Sources */ = {isa = PBXBuildFile; fileRef = 16EDFE1A156B24D60075681C /* SecController.mm */; };
		16EDFEC4156B2AC70075681C /* ThdController.mm in Sources */ = {isa = PBXBuildFile; fileRef = 16EDFEC3156B2AC70075681C /* ThdController.mm */; };
/* End PBXBuildFile section */

/* Begin PBXFileReference section */
		16610BF6148D270000610E59 /* cxx.app */ = {isa = PBXFileReference; explicitFileType = wrapper.application; includeInIndex = 0; path = cxx.app; sourceTree = BUILT_PRODUCTS_DIR; };
		16610BFA148D270000610E59 /* UIKit.framework */ = {isa = PBXFileReference; lastKnownFileType = wrapper.framework; name = UIKit.framework; path = System/Library/Frameworks/UIKit.framework; sourceTree = SDKROOT; };
		16610BFC148D270000610E59 /* Foundation.framework */ = {isa = PBXFileReference; lastKnownFileType = wrapper.framework; name = Foundation.framework; path = System/Library/Frameworks/Foundation.framework; sourceTree = SDKROOT; };
		16610BFE148D270000610E59 /* CoreGraphics.framework */ = {isa = PBXFileReference; lastKnownFileType = wrapper.framework; name = CoreGraphics.framework; path = System/Library/Frameworks/CoreGraphics.framework; sourceTree = SDKROOT; };
		16610C02148D270000610E59 /* cxx-Info.plist */ = {isa = PBXFileReference; lastKnownFileType = text.plist.xml; path = "cxx-Info.plist"; sourceTree = "<group>"; };
		16610C04148D270000610E59 /* en */ = {isa = PBXFileReference; lastKnownFileType = text.plist.strings; name = en; path = en.lproj/InfoPlist.strings; sourceTree = "<group>"; };
		16610C06148D270100610E59 /* main.mm */ = {isa = PBXFileReference; lastKnownFileType = sourcecode.cpp.objcpp; path = main.mm; sourceTree = "<group>"; };
		16610C08148D270100610E59 /* cxx-Prefix.pch */ = {isa = PBXFileReference; lastKnownFileType = sourcecode.c.h; path = "cxx-Prefix.pch"; sourceTree = "<group>"; };
		16610C09148D270100610E59 /* AppDelegate.h */ = {isa = PBXFileReference; lastKnownFileType = sourcecode.c.h; path = AppDelegate.h; sourceTree = "<group>"; };
		16610C0A148D270100610E59 /* AppDelegate.mm */ = {isa = PBXFileReference; lastKnownFileType = sourcecode.cpp.objcpp; path = AppDelegate.mm; sourceTree = "<group>"; };
		16610DEB148D27AC00610E59 /* QuartzCore.framework */ = {isa = PBXFileReference; lastKnownFileType = wrapper.framework; name = QuartzCore.framework; path = System/Library/Frameworks/QuartzCore.framework; sourceTree = SDKROOT; };
		16610DEF148D27BA00610E59 /* libxml2.dylib */ = {isa = PBXFileReference; lastKnownFileType = "compiled.mach-o.dylib"; name = libxml2.dylib; path = usr/lib/libxml2.dylib; sourceTree = SDKROOT; };
		16610DF1148D27C300610E59 /* libicucore.dylib */ = {isa = PBXFileReference; lastKnownFileType = "compiled.mach-o.dylib"; name = libicucore.dylib; path = usr/lib/libicucore.dylib; sourceTree = SDKROOT; };
		16EDFE00156B21AD0075681C /* libdb.a */ = {isa = PBXFileReference; lastKnownFileType = archive.ar; name = libdb.a; path = ../../lib/iOS/libdb.a; sourceTree = "<group>"; };
		16EDFE02156B22810075681C /* logo@57.png */ = {isa = PBXFileReference; lastKnownFileType = image.png; path = "logo@57.png"; sourceTree = "<group>"; };
		16EDFE04156B22860075681C /* logo@114.png */ = {isa = PBXFileReference; lastKnownFileType = image.png; path = "logo@114.png"; sourceTree = "<group>"; };
		16EDFE06156B22880075681C /* Default.png */ = {isa = PBXFileReference; lastKnownFileType = image.png; path = Default.png; sourceTree = "<group>"; };
		16EDFE08156B228A0075681C /* Default@2x.png */ = {isa = PBXFileReference; lastKnownFileType = image.png; path = "Default@2x.png"; sourceTree = "<group>"; };
		16EDFE0A156B228F0075681C /* logo@72.png */ = {isa = PBXFileReference; lastKnownFileType = image.png; path = "logo@72.png"; sourceTree = "<group>"; };
		16EDFE0C156B22910075681C /* logo@144.png */ = {isa = PBXFileReference; lastKnownFileType = image.png; path = "logo@144.png"; sourceTree = "<group>"; };
		16EDFE0E156B229B0075681C /* Default-Portrait~ipad.png */ = {isa = PBXFileReference; lastKnownFileType = image.png; path = "Default-Portrait~ipad.png"; sourceTree = "<group>"; };
		16EDFE10156B229C0075681C /* Default-Portrait@2x~ipad.png */ = {isa = PBXFileReference; lastKnownFileType = image.png; path = "Default-Portrait@2x~ipad.png"; sourceTree = "<group>"; };
		16EDFE12156B22A10075681C /* Default-Landscape~ipad.png */ = {isa = PBXFileReference; lastKnownFileType = image.png; path = "Default-Landscape~ipad.png"; sourceTree = "<group>"; };
		16EDFE14156B22A40075681C /* Default-Landscape@2x~ipad.png */ = {isa = PBXFileReference; lastKnownFileType = image.png; path = "Default-Landscape@2x~ipad.png"; sourceTree = "<group>"; };
		16EDFE16156B22D60075681C /* MainController.h */ = {isa = PBXFileReference; fileEncoding = 4; lastKnownFileType = sourcecode.c.h; path = MainController.h; sourceTree = "<group>"; };
		16EDFE17156B22D60075681C /* MainController.mm */ = {isa = PBXFileReference; fileEncoding = 4; lastKnownFileType = sourcecode.cpp.objcpp; path = MainController.mm; sourceTree = "<group>"; };
		16EDFE19156B24D60075681C /* SecController.h */ = {isa = PBXFileReference; fileEncoding = 4; lastKnownFileType = sourcecode.c.h; path = SecController.h; sourceTree = "<group>"; };
		16EDFE1A156B24D60075681C /* SecController.mm */ = {isa = PBXFileReference; fileEncoding = 4; lastKnownFileType = sourcecode.cpp.objcpp; path = SecController.mm; sourceTree = "<group>"; };
		16EDFEC2156B2AC70075681C /* ThdController.h */ = {isa = PBXFileReference; fileEncoding = 4; lastKnownFileType = sourcecode.c.h; path = ThdController.h; sourceTree = "<group>"; };
		16EDFEC3156B2AC70075681C /* ThdController.mm */ = {isa = PBXFileReference; fileEncoding = 4; lastKnownFileType = sourcecode.cpp.objcpp; path = ThdController.mm; sourceTree = "<group>"; };
/* End PBXFileReference section */

/* Begin PBXFrameworksBuildPhase section */
		16610BF3148D270000610E59 /* Frameworks */ = {
			isa = PBXFrameworksBuildPhase;
			buildActionMask = 2147483647;
			files = (
				16EDFE01156B21AD0075681C /* libdb.a in Frameworks */,
				16610DF2148D27C300610E59 /* libicucore.dylib in Frameworks */,
				16610DF0148D27BA00610E59 /* libxml2.dylib in Frameworks */,
				16610DEC148D27AC00610E59 /* QuartzCore.framework in Frameworks */,
				16610BFB148D270000610E59 /* UIKit.framework in Frameworks */,
				16610BFD148D270000610E59 /* Foundation.framework in Frameworks */,
				16610BFF148D270000610E59 /* CoreGraphics.framework in Frameworks */,
			);
			runOnlyForDeploymentPostprocessing = 0;
		};
/* End PBXFrameworksBuildPhase section */

/* Begin PBXGroup section */
		16610BEB148D270000610E59 = {
			isa = PBXGroup;
			children = (
				16610C00148D270000610E59 /* cxx */,
				16610BF9148D270000610E59 /* Frameworks */,
				16610BF7148D270000610E59 /* Products */,
			);
			sourceTree = "<group>";
		};
		16610BF7148D270000610E59 /* Products */ = {
			isa = PBXGroup;
			children = (
				16610BF6148D270000610E59 /* cxx.app */,
			);
			name = Products;
			sourceTree = "<group>";
		};
		16610BF9148D270000610E59 /* Frameworks */ = {
			isa = PBXGroup;
			children = (
				16EDFE14156B22A40075681C /* Default-Landscape@2x~ipad.png */,
				16EDFE12156B22A10075681C /* Default-Landscape~ipad.png */,
				16EDFE10156B229C0075681C /* Default-Portrait@2x~ipad.png */,
				16EDFE0E156B229B0075681C /* Default-Portrait~ipad.png */,
				16EDFE0C156B22910075681C /* logo@144.png */,
				16EDFE0A156B228F0075681C /* logo@72.png */,
				16EDFE08156B228A0075681C /* Default@2x.png */,
				16EDFE06156B22880075681C /* Default.png */,
				16EDFE04156B22860075681C /* logo@114.png */,
				16EDFE02156B22810075681C /* logo@57.png */,
				16EDFE00156B21AD0075681C /* libdb.a */,
				16610DF1148D27C300610E59 /* libicucore.dylib */,
				16610DEF148D27BA00610E59 /* libxml2.dylib */,
				16610DEB148D27AC00610E59 /* QuartzCore.framework */,
				16610BFA148D270000610E59 /* UIKit.framework */,
				16610BFC148D270000610E59 /* Foundation.framework */,
				16610BFE148D270000610E59 /* CoreGraphics.framework */,
			);
			name = Frameworks;
			sourceTree = "<group>";
		};
		16610C00148D270000610E59 /* cxx */ = {
			isa = PBXGroup;
			children = (
				16EDFE16156B22D60075681C /* MainController.h */,
				16EDFE17156B22D60075681C /* MainController.mm */,
				16EDFEC2156B2AC70075681C /* ThdController.h */,
				16EDFEC3156B2AC70075681C /* ThdController.mm */,
				16EDFE19156B24D60075681C /* SecController.h */,
				16EDFE1A156B24D60075681C /* SecController.mm */,
				16610C09148D270100610E59 /* AppDelegate.h */,
				16610C0A148D270100610E59 /* AppDelegate.mm */,
				16610C01148D270000610E59 /* Supporting Files */,
			);
			path = cxx;
			sourceTree = "<group>";
		};
		16610C01148D270000610E59 /* Supporting Files */ = {
			isa = PBXGroup;
			children = (
				16610C02148D270000610E59 /* cxx-Info.plist */,
				16610C03148D270000610E59 /* InfoPlist.strings */,
				16610C06148D270100610E59 /* main.mm */,
				16610C08148D270100610E59 /* cxx-Prefix.pch */,
			);
			name = "Supporting Files";
			sourceTree = "<group>";
		};
/* End PBXGroup section */

/* Begin PBXNativeTarget section */
		16610BF5148D270000610E59 /* cxx */ = {
			isa = PBXNativeTarget;
			buildConfigurationList = 16610C0E148D270100610E59 /* Build configuration list for PBXNativeTarget "cxx" */;
			buildPhases = (
				16610BF2148D270000610E59 /* Sources */,
				16610BF3148D270000610E59 /* Frameworks */,
				16610BF4148D270000610E59 /* Resources */,
			);
			buildRules = (
			);
			dependencies = (
			);
			name = cxx;
			productName = cxx;
			productReference = 16610BF6148D270000610E59 /* cxx.app */;
			productType = "com.apple.product-type.application";
		};
/* End PBXNativeTarget section */

/* Begin PBXProject section */
		16610BED148D270000610E59 /* Project object */ = {
			isa = PBXProject;
			attributes = {
				LastUpgradeCheck = 0420;
			};
			buildConfigurationList = 16610BF0148D270000610E59 /* Build configuration list for PBXProject "cxx" */;
			compatibilityVersion = "Xcode 3.2";
			developmentRegion = English;
			hasScannedForEncodings = 0;
			knownRegions = (
				en,
			);
			mainGroup = 16610BEB148D270000610E59;
			productRefGroup = 16610BF7148D270000610E59 /* Products */;
			projectDirPath = "";
			projectRoot = "";
			targets = (
				16610BF5148D270000610E59 /* cxx */,
			);
		};
/* End PBXProject section */

/* Begin PBXResourcesBuildPhase section */
		16610BF4148D270000610E59 /* Resources */ = {
			isa = PBXResourcesBuildPhase;
			buildActionMask = 2147483647;
			files = (
				16610C05148D270100610E59 /* InfoPlist.strings in Resources */,
				16EDFE03156B22810075681C /* logo@57.png in Resources */,
				16EDFE05156B22860075681C /* logo@114.png in Resources */,
				16EDFE07156B22880075681C /* Default.png in Resources */,
				16EDFE09156B228A0075681C /* Default@2x.png in Resources */,
				16EDFE0B156B228F0075681C /* logo@72.png in Resources */,
				16EDFE0D156B22910075681C /* logo@144.png in Resources */,
				16EDFE0F156B229B0075681C /* Default-Portrait~ipad.png in Resources */,
				16EDFE11156B229C0075681C /* Default-Portrait@2x~ipad.png in Resources */,
				16EDFE13156B22A10075681C /* Default-Landscape~ipad.png in Resources */,
				16EDFE15156B22A40075681C /* Default-Landscape@2x~ipad.png in Resources */,
			);
			runOnlyForDeploymentPostprocessing = 0;
		};
/* End PBXResourcesBuildPhase section */

/* Begin PBXSourcesBuildPhase section */
		16610BF2148D270000610E59 /* Sources */ = {
			isa = PBXSourcesBuildPhase;
			buildActionMask = 2147483647;
			files = (
				16610C07148D270100610E59 /* main.mm in Sources */,
				16610C0B148D270100610E59 /* AppDelegate.mm in Sources */,
				16EDFE18156B22D60075681C /* MainController.mm in Sources */,
				16EDFE1B156B24D60075681C /* SecController.mm in Sources */,
				16EDFEC4156B2AC70075681C /* ThdController.mm in Sources */,
			);
			runOnlyForDeploymentPostprocessing = 0;
		};
/* End PBXSourcesBuildPhase section */

/* Begin PBXVariantGroup section */
		16610C03148D270000610E59 /* InfoPlist.strings */ = {
			isa = PBXVariantGroup;
			children = (
				16610C04148D270000610E59 /* en */,
			);
			name = InfoPlist.strings;
			sourceTree = "<group>";
		};
/* End PBXVariantGroup section */

/* Begin XCBuildConfiguration section */
		16610C0C148D270100610E59 /* Debug */ = {
			isa = XCBuildConfiguration;
			buildSettings = {
				ALWAYS_SEARCH_USER_PATHS = NO;
				ARCHS = "$(ARCHS_STANDARD_32_BIT)";
				CLANG_CXX_LANGUAGE_STANDARD = "compiler-default";
				CLANG_CXX_LIBRARY = "compiler-default";
				"CODE_SIGN_IDENTITY[sdk=iphoneos*]" = "iPhone Developer";
				COPY_PHASE_STRIP = NO;
				GCC_C_LANGUAGE_STANDARD = gnu99;
				GCC_DYNAMIC_NO_PIC = NO;
				GCC_OPTIMIZATION_LEVEL = 0;
				GCC_PREPROCESSOR_DEFINITIONS = (
					"DEBUG=1",
					"$(inherited)",
				);
				GCC_SYMBOLS_PRIVATE_EXTERN = NO;
				GCC_VERSION = com.apple.compilers.llvm.clang.1_0;
				GCC_WARN_ABOUT_MISSING_PROTOTYPES = YES;
				GCC_WARN_ABOUT_RETURN_TYPE = YES;
				GCC_WARN_UNUSED_VARIABLE = YES;
				IPHONEOS_DEPLOYMENT_TARGET = 5.0;
				SDKROOT = iphoneos;
				TARGETED_DEVICE_FAMILY = "1,2";
			};
			name = Debug;
		};
		16610C0D148D270100610E59 /* Release */ = {
			isa = XCBuildConfiguration;
			buildSettings = {
				ALWAYS_SEARCH_USER_PATHS = NO;
				ARCHS = "$(ARCHS_STANDARD_32_BIT)";
				CLANG_CXX_LANGUAGE_STANDARD = "compiler-default";
				CLANG_CXX_LIBRARY = "compiler-default";
				"CODE_SIGN_IDENTITY[sdk=iphoneos*]" = "iPhone Developer";
				COPY_PHASE_STRIP = YES;
				GCC_C_LANGUAGE_STANDARD = gnu99;
				GCC_VERSION = com.apple.compilers.llvm.clang.1_0;
				GCC_WARN_ABOUT_MISSING_PROTOTYPES = YES;
				GCC_WARN_ABOUT_RETURN_TYPE = YES;
				GCC_WARN_UNUSED_VARIABLE = YES;
				IPHONEOS_DEPLOYMENT_TARGET = 5.0;
				OTHER_CFLAGS = "-DNS_BLOCK_ASSERTIONS=1";
				SDKROOT = iphoneos;
				TARGETED_DEVICE_FAMILY = "1,2";
				VALIDATE_PRODUCT = YES;
			};
			name = Release;
		};
		16610C0F148D270100610E59 /* Debug */ = {
			isa = XCBuildConfiguration;
			buildSettings = {
				CLANG_CXX_LANGUAGE_STANDARD = "compiler-default";
				CLANG_CXX_LIBRARY = "compiler-default";
				GCC_PRECOMPILE_PREFIX_HEADER = YES;
				GCC_PREFIX_HEADER = "cxx/cxx-Prefix.pch";
				INFOPLIST_FILE = "cxx/cxx-Info.plist";
				LIBRARY_SEARCH_PATHS = (
					"$(inherited)",
					"\"$(SRCROOT)/../lib\"",
					"\"/Users/wybo/Library/Developer/Xcode/DerivedData/allinone-grfriqmlrljimgcjcjllfdwbyozk/Build/Products/Debug-iphoneos\"",
					"\"$(SRCROOT)/../../lib/iOS\"",
				);
				PRODUCT_NAME = "$(TARGET_NAME)";
				WRAPPER_EXTENSION = app;
			};
			name = Debug;
		};
		16610C10148D270100610E59 /* Release */ = {
			isa = XCBuildConfiguration;
			buildSettings = {
				CLANG_CXX_LANGUAGE_STANDARD = "compiler-default";
				CLANG_CXX_LIBRARY = "compiler-default";
				GCC_PRECOMPILE_PREFIX_HEADER = YES;
				GCC_PREFIX_HEADER = "cxx/cxx-Prefix.pch";
				INFOPLIST_FILE = "cxx/cxx-Info.plist";
				LIBRARY_SEARCH_PATHS = (
					"$(inherited)",
					"\"$(SRCROOT)/../lib\"",
					"\"/Users/wybo/Library/Developer/Xcode/DerivedData/allinone-grfriqmlrljimgcjcjllfdwbyozk/Build/Products/Debug-iphoneos\"",
					"\"$(SRCROOT)/../../lib/iOS\"",
				);
				PRODUCT_NAME = "$(TARGET_NAME)";
				WRAPPER_EXTENSION = app;
			};
			name = Release;
		};
/* End XCBuildConfiguration section */

/* Begin XCConfigurationList section */
		16610BF0148D270000610E59 /* Build configuration list for PBXProject "cxx" */ = {
			isa = XCConfigurationList;
			buildConfigurations = (
				16610C0C148D270100610E59 /* Debug */,
				16610C0D148D270100610E59 /* Release */,
			);
			defaultConfigurationIsVisible = 0;
			defaultConfigurationName = Release;
		};
		16610C0E148D270100610E59 /* Build configuration list for PBXNativeTarget "cxx" */ = {
			isa = XCConfigurationList;
			buildConfigurations = (
				16610C0F148D270100610E59 /* Debug */,
				16610C10148D270100610E59 /* Release */,
			);
			defaultConfigurationIsVisible = 0;
			defaultConfigurationName = Release;
		};
/* End XCConfigurationList section */
	};
	rootObject = 16610BED148D270000610E59 /* Project object */;
}
