// !$*UTF8*$!
{
	archiveVersion = 1;
	classes = {
	};
	objectVersion = 46;
	objects = {

/* Begin PBXBuildFile section */
		16ED1D9E1637979700FE74B3 /* ImageController.mm in Sources */ = {isa = PBXBuildFile; fileRef = 16ED1D9D1637979700FE74B3 /* ImageController.mm */; };
		16FF0A36155B89E90044E9F8 /* UIKit.framework in Frameworks */ = {isa = PBXBuildFile; fileRef = 16FF0A35155B89E90044E9F8 /* UIKit.framework */; };
		16FF0A38155B89E90044E9F8 /* Foundation.framework in Frameworks */ = {isa = PBXBuildFile; fileRef = 16FF0A37155B89E90044E9F8 /* Foundation.framework */; };
		16FF0A3A155B89E90044E9F8 /* CoreGraphics.framework in Frameworks */ = {isa = PBXBuildFile; fileRef = 16FF0A39155B89E90044E9F8 /* CoreGraphics.framework */; };
		16FF0A40155B89E90044E9F8 /* InfoPlist.strings in Resources */ = {isa = PBXBuildFile; fileRef = 16FF0A3E155B89E90044E9F8 /* InfoPlist.strings */; };
		16FF0A42155B89E90044E9F8 /* main.mm in Sources */ = {isa = PBXBuildFile; fileRef = 16FF0A41155B89E90044E9F8 /* main.mm */; };
		16FF0A46155B89E90044E9F8 /* AppDelegate.mm in Sources */ = {isa = PBXBuildFile; fileRef = 16FF0A45155B89E90044E9F8 /* AppDelegate.mm */; };
		16FF0D63155B8AF90044E9F8 /* QuartzCore.framework in Frameworks */ = {isa = PBXBuildFile; fileRef = 16FF0D62155B8AF90044E9F8 /* QuartzCore.framework */; };
		16FF0D65155B8B010044E9F8 /* libdb.a in Frameworks */ = {isa = PBXBuildFile; fileRef = 16FF0D64155B8B010044E9F8 /* libdb.a */; };
		16FF0D67155B8B050044E9F8 /* libxml2.dylib in Frameworks */ = {isa = PBXBuildFile; fileRef = 16FF0D66155B8B050044E9F8 /* libxml2.dylib */; };
		16FF0D69155B8B0C0044E9F8 /* libicucore.dylib in Frameworks */ = {isa = PBXBuildFile; fileRef = 16FF0D68155B8B0C0044E9F8 /* libicucore.dylib */; };
		16FF0D6B155B8B380044E9F8 /* logo@57.png in Resources */ = {isa = PBXBuildFile; fileRef = 16FF0D6A155B8B380044E9F8 /* logo@57.png */; };
		16FF0D6D155B8B3A0044E9F8 /* logo@114.png in Resources */ = {isa = PBXBuildFile; fileRef = 16FF0D6C155B8B3A0044E9F8 /* logo@114.png */; };
		16FF0D6F155B8B430044E9F8 /* Default.png in Resources */ = {isa = PBXBuildFile; fileRef = 16FF0D6E155B8B430044E9F8 /* Default.png */; };
		16FF0D71155B8B460044E9F8 /* Default@2x.png in Resources */ = {isa = PBXBuildFile; fileRef = 16FF0D70155B8B460044E9F8 /* Default@2x.png */; };
		16FF0D73155B8B4F0044E9F8 /* logo@72.png in Resources */ = {isa = PBXBuildFile; fileRef = 16FF0D72155B8B4F0044E9F8 /* logo@72.png */; };
		16FF0D75155B8B500044E9F8 /* logo@144.png in Resources */ = {isa = PBXBuildFile; fileRef = 16FF0D74155B8B500044E9F8 /* logo@144.png */; };
		16FF0D77155B8B5C0044E9F8 /* Default-Portrait~ipad.png in Resources */ = {isa = PBXBuildFile; fileRef = 16FF0D76155B8B5C0044E9F8 /* Default-Portrait~ipad.png */; };
		16FF0D79155B8B620044E9F8 /* Default-Portrait@2x~ipad.png in Resources */ = {isa = PBXBuildFile; fileRef = 16FF0D78155B8B620044E9F8 /* Default-Portrait@2x~ipad.png */; };
		16FF0D7B155B8B690044E9F8 /* Default-Landscape~ipad.png in Resources */ = {isa = PBXBuildFile; fileRef = 16FF0D7A155B8B690044E9F8 /* Default-Landscape~ipad.png */; };
		16FF0D7D155B8B6C0044E9F8 /* Default-Landscape@2x~ipad.png in Resources */ = {isa = PBXBuildFile; fileRef = 16FF0D7C155B8B6C0044E9F8 /* Default-Landscape@2x~ipad.png */; };
		16FF0D80155B8C6C0044E9F8 /* MainController.mm in Sources */ = {isa = PBXBuildFile; fileRef = 16FF0D7F155B8C6C0044E9F8 /* MainController.mm */; };
		16FF0D9F155B91390044E9F8 /* aerial.bmp in Resources */ = {isa = PBXBuildFile; fileRef = 16FF0D82155B91390044E9F8 /* aerial.bmp */; };
		16FF0DA0155B91390044E9F8 /* airfield.bmp in Resources */ = {isa = PBXBuildFile; fileRef = 16FF0D83155B91390044E9F8 /* airfield.bmp */; };
		16FF0DA1155B91390044E9F8 /* airfield2.bmp in Resources */ = {isa = PBXBuildFile; fileRef = 16FF0D84155B91390044E9F8 /* airfield2.bmp */; };
		16FF0DA2155B91390044E9F8 /* airplaneU2.bmp in Resources */ = {isa = PBXBuildFile; fileRef = 16FF0D85155B91390044E9F8 /* airplaneU2.bmp */; };
		16FF0DA3155B91390044E9F8 /* baboon.bmp in Resources */ = {isa = PBXBuildFile; fileRef = 16FF0D86155B91390044E9F8 /* baboon.bmp */; };
		16FF0DA4155B91390044E9F8 /* barbara.bmp in Resources */ = {isa = PBXBuildFile; fileRef = 16FF0D87155B91390044E9F8 /* barbara.bmp */; };
		16FF0DA5155B91390044E9F8 /* boats.bmp in Resources */ = {isa = PBXBuildFile; fileRef = 16FF0D88155B91390044E9F8 /* boats.bmp */; };
		16FF0DA6155B91390044E9F8 /* BoatsColor.bmp in Resources */ = {isa = PBXBuildFile; fileRef = 16FF0D89155B91390044E9F8 /* BoatsColor.bmp */; };
		16FF0DA7155B91390044E9F8 /* bridge.bmp in Resources */ = {isa = PBXBuildFile; fileRef = 16FF0D8A155B91390044E9F8 /* bridge.bmp */; };
		16FF0DA8155B91390044E9F8 /* cablecar.bmp in Resources */ = {isa = PBXBuildFile; fileRef = 16FF0D8B155B91390044E9F8 /* cablecar.bmp */; };
		16FF0DA9155B91390044E9F8 /* cornfield.bmp in Resources */ = {isa = PBXBuildFile; fileRef = 16FF0D8C155B91390044E9F8 /* cornfield.bmp */; };
		16FF0DAA155B91390044E9F8 /* dollar.bmp in Resources */ = {isa = PBXBuildFile; fileRef = 16FF0D8D155B91390044E9F8 /* dollar.bmp */; };
		16FF0DAB155B91390044E9F8 /* finger.bmp in Resources */ = {isa = PBXBuildFile; fileRef = 16FF0D8E155B91390044E9F8 /* finger.bmp */; };
		16FF0DAC155B91390044E9F8 /* fingerprint.bmp in Resources */ = {isa = PBXBuildFile; fileRef = 16FF0D8F155B91390044E9F8 /* fingerprint.bmp */; };
		16FF0DAD155B91390044E9F8 /* flower.bmp in Resources */ = {isa = PBXBuildFile; fileRef = 16FF0D90155B91390044E9F8 /* flower.bmp */; };
		16FF0DAE155B91390044E9F8 /* flowers.bmp in Resources */ = {isa = PBXBuildFile; fileRef = 16FF0D91155B91390044E9F8 /* flowers.bmp */; };
		16FF0DAF155B91390044E9F8 /* fruits.bmp in Resources */ = {isa = PBXBuildFile; fileRef = 16FF0D92155B91390044E9F8 /* fruits.bmp */; };
		16FF0DB0155B91390044E9F8 /* girl.bmp in Resources */ = {isa = PBXBuildFile; fileRef = 16FF0D93155B91390044E9F8 /* girl.bmp */; };
		16FF0DB1155B91390044E9F8 /* goldhill.bmp in Resources */ = {isa = PBXBuildFile; fileRef = 16FF0D94155B91390044E9F8 /* goldhill.bmp */; };
		16FF0DB2155B91390044E9F8 /* lenna.bmp in Resources */ = {isa = PBXBuildFile; fileRef = 16FF0D95155B91390044E9F8 /* lenna.bmp */; };
		16FF0DB3155B91390044E9F8 /* man.bmp in Resources */ = {isa = PBXBuildFile; fileRef = 16FF0D96155B91390044E9F8 /* man.bmp */; };
		16FF0DB4155B91390044E9F8 /* monarch.bmp in Resources */ = {isa = PBXBuildFile; fileRef = 16FF0D97155B91390044E9F8 /* monarch.bmp */; };
		16FF0DB5155B91390044E9F8 /* pens.bmp in Resources */ = {isa = PBXBuildFile; fileRef = 16FF0D98155B91390044E9F8 /* pens.bmp */; };
		16FF0DB6155B91390044E9F8 /* pepper.bmp in Resources */ = {isa = PBXBuildFile; fileRef = 16FF0D99155B91390044E9F8 /* pepper.bmp */; };
		16FF0DB7155B91390044E9F8 /* sailboat.bmp in Resources */ = {isa = PBXBuildFile; fileRef = 16FF0D9A155B91390044E9F8 /* sailboat.bmp */; };
		16FF0DB8155B91390044E9F8 /* soccer.bmp in Resources */ = {isa = PBXBuildFile; fileRef = 16FF0D9B155B91390044E9F8 /* soccer.bmp */; };
		16FF0DB9155B91390044E9F8 /* testpat.bmp in Resources */ = {isa = PBXBuildFile; fileRef = 16FF0D9C155B91390044E9F8 /* testpat.bmp */; };
		16FF0DBA155B91390044E9F8 /* tiffany.bmp in Resources */ = {isa = PBXBuildFile; fileRef = 16FF0D9D155B91390044E9F8 /* tiffany.bmp */; };
		16FF0DBB155B91390044E9F8 /* yacht.bmp in Resources */ = {isa = PBXBuildFile; fileRef = 16FF0D9E155B91390044E9F8 /* yacht.bmp */; };
		16FF0DBF155B97100044E9F8 /* CoreImage.framework in Frameworks */ = {isa = PBXBuildFile; fileRef = 16FF0DBE155B970F0044E9F8 /* CoreImage.framework */; };
/* End PBXBuildFile section */

/* Begin PBXFileReference section */
		16ED1D9C1637979700FE74B3 /* ImageController.h */ = {isa = PBXFileReference; fileEncoding = 4; lastKnownFileType = sourcecode.c.h; path = ImageController.h; sourceTree = "<group>"; };
		16ED1D9D1637979700FE74B3 /* ImageController.mm */ = {isa = PBXFileReference; fileEncoding = 4; lastKnownFileType = sourcecode.cpp.objcpp; path = ImageController.mm; sourceTree = "<group>"; };
		16FF0A31155B89E90044E9F8 /* image.app */ = {isa = PBXFileReference; explicitFileType = wrapper.application; includeInIndex = 0; path = image.app; sourceTree = BUILT_PRODUCTS_DIR; };
		16FF0A35155B89E90044E9F8 /* UIKit.framework */ = {isa = PBXFileReference; lastKnownFileType = wrapper.framework; name = UIKit.framework; path = System/Library/Frameworks/UIKit.framework; sourceTree = SDKROOT; };
		16FF0A37155B89E90044E9F8 /* Foundation.framework */ = {isa = PBXFileReference; lastKnownFileType = wrapper.framework; name = Foundation.framework; path = System/Library/Frameworks/Foundation.framework; sourceTree = SDKROOT; };
		16FF0A39155B89E90044E9F8 /* CoreGraphics.framework */ = {isa = PBXFileReference; lastKnownFileType = wrapper.framework; name = CoreGraphics.framework; path = System/Library/Frameworks/CoreGraphics.framework; sourceTree = SDKROOT; };
		16FF0A3D155B89E90044E9F8 /* image-Info.plist */ = {isa = PBXFileReference; lastKnownFileType = text.plist.xml; path = "image-Info.plist"; sourceTree = "<group>"; };
		16FF0A3F155B89E90044E9F8 /* en */ = {isa = PBXFileReference; lastKnownFileType = text.plist.strings; name = en; path = en.lproj/InfoPlist.strings; sourceTree = "<group>"; };
		16FF0A41155B89E90044E9F8 /* main.mm */ = {isa = PBXFileReference; lastKnownFileType = sourcecode.cpp.objcpp; path = main.mm; sourceTree = "<group>"; };
		16FF0A43155B89E90044E9F8 /* image-Prefix.pch */ = {isa = PBXFileReference; lastKnownFileType = sourcecode.c.h; path = "image-Prefix.pch"; sourceTree = "<group>"; };
		16FF0A44155B89E90044E9F8 /* AppDelegate.h */ = {isa = PBXFileReference; lastKnownFileType = sourcecode.c.h; path = AppDelegate.h; sourceTree = "<group>"; };
		16FF0A45155B89E90044E9F8 /* AppDelegate.mm */ = {isa = PBXFileReference; lastKnownFileType = sourcecode.cpp.objcpp; path = AppDelegate.mm; sourceTree = "<group>"; };
		16FF0D62155B8AF90044E9F8 /* QuartzCore.framework */ = {isa = PBXFileReference; lastKnownFileType = wrapper.framework; name = QuartzCore.framework; path = System/Library/Frameworks/QuartzCore.framework; sourceTree = SDKROOT; };
		16FF0D64155B8B010044E9F8 /* libdb.a */ = {isa = PBXFileReference; lastKnownFileType = archive.ar; name = libdb.a; path = ../../lib/iOS/libdb.a; sourceTree = "<group>"; };
		16FF0D66155B8B050044E9F8 /* libxml2.dylib */ = {isa = PBXFileReference; lastKnownFileType = "compiled.mach-o.dylib"; name = libxml2.dylib; path = usr/lib/libxml2.dylib; sourceTree = SDKROOT; };
		16FF0D68155B8B0C0044E9F8 /* libicucore.dylib */ = {isa = PBXFileReference; lastKnownFileType = "compiled.mach-o.dylib"; name = libicucore.dylib; path = usr/lib/libicucore.dylib; sourceTree = SDKROOT; };
		16FF0D6A155B8B380044E9F8 /* logo@57.png */ = {isa = PBXFileReference; lastKnownFileType = image.png; path = "logo@57.png"; sourceTree = "<group>"; };
		16FF0D6C155B8B3A0044E9F8 /* logo@114.png */ = {isa = PBXFileReference; lastKnownFileType = image.png; path = "logo@114.png"; sourceTree = "<group>"; };
		16FF0D6E155B8B430044E9F8 /* Default.png */ = {isa = PBXFileReference; lastKnownFileType = image.png; path = Default.png; sourceTree = "<group>"; };
		16FF0D70155B8B460044E9F8 /* Default@2x.png */ = {isa = PBXFileReference; lastKnownFileType = image.png; path = "Default@2x.png"; sourceTree = "<group>"; };
		16FF0D72155B8B4F0044E9F8 /* logo@72.png */ = {isa = PBXFileReference; lastKnownFileType = image.png; path = "logo@72.png"; sourceTree = "<group>"; };
		16FF0D74155B8B500044E9F8 /* logo@144.png */ = {isa = PBXFileReference; lastKnownFileType = image.png; path = "logo@144.png"; sourceTree = "<group>"; };
		16FF0D76155B8B5C0044E9F8 /* Default-Portrait~ipad.png */ = {isa = PBXFileReference; lastKnownFileType = image.png; path = "Default-Portrait~ipad.png"; sourceTree = "<group>"; };
		16FF0D78155B8B620044E9F8 /* Default-Portrait@2x~ipad.png */ = {isa = PBXFileReference; lastKnownFileType = image.png; path = "Default-Portrait@2x~ipad.png"; sourceTree = "<group>"; };
		16FF0D7A155B8B690044E9F8 /* Default-Landscape~ipad.png */ = {isa = PBXFileReference; lastKnownFileType = image.png; path = "Default-Landscape~ipad.png"; sourceTree = "<group>"; };
		16FF0D7C155B8B6C0044E9F8 /* Default-Landscape@2x~ipad.png */ = {isa = PBXFileReference; lastKnownFileType = image.png; path = "Default-Landscape@2x~ipad.png"; sourceTree = "<group>"; };
		16FF0D7E155B8C6C0044E9F8 /* MainController.h */ = {isa = PBXFileReference; fileEncoding = 4; lastKnownFileType = sourcecode.c.h; path = MainController.h; sourceTree = "<group>"; };
		16FF0D7F155B8C6C0044E9F8 /* MainController.mm */ = {isa = PBXFileReference; fileEncoding = 4; lastKnownFileType = sourcecode.cpp.objcpp; path = MainController.mm; sourceTree = "<group>"; };
		16FF0D82155B91390044E9F8 /* aerial.bmp */ = {isa = PBXFileReference; lastKnownFileType = image.bmp; path = aerial.bmp; sourceTree = "<group>"; };
		16FF0D83155B91390044E9F8 /* airfield.bmp */ = {isa = PBXFileReference; lastKnownFileType = image.bmp; path = airfield.bmp; sourceTree = "<group>"; };
		16FF0D84155B91390044E9F8 /* airfield2.bmp */ = {isa = PBXFileReference; lastKnownFileType = image.bmp; path = airfield2.bmp; sourceTree = "<group>"; };
		16FF0D85155B91390044E9F8 /* airplaneU2.bmp */ = {isa = PBXFileReference; lastKnownFileType = image.bmp; path = airplaneU2.bmp; sourceTree = "<group>"; };
		16FF0D86155B91390044E9F8 /* baboon.bmp */ = {isa = PBXFileReference; lastKnownFileType = image.bmp; path = baboon.bmp; sourceTree = "<group>"; };
		16FF0D87155B91390044E9F8 /* barbara.bmp */ = {isa = PBXFileReference; lastKnownFileType = image.bmp; path = barbara.bmp; sourceTree = "<group>"; };
		16FF0D88155B91390044E9F8 /* boats.bmp */ = {isa = PBXFileReference; lastKnownFileType = image.bmp; path = boats.bmp; sourceTree = "<group>"; };
		16FF0D89155B91390044E9F8 /* BoatsColor.bmp */ = {isa = PBXFileReference; lastKnownFileType = image.bmp; path = BoatsColor.bmp; sourceTree = "<group>"; };
		16FF0D8A155B91390044E9F8 /* bridge.bmp */ = {isa = PBXFileReference; lastKnownFileType = image.bmp; path = bridge.bmp; sourceTree = "<group>"; };
		16FF0D8B155B91390044E9F8 /* cablecar.bmp */ = {isa = PBXFileReference; lastKnownFileType = image.bmp; path = cablecar.bmp; sourceTree = "<group>"; };
		16FF0D8C155B91390044E9F8 /* cornfield.bmp */ = {isa = PBXFileReference; lastKnownFileType = image.bmp; path = cornfield.bmp; sourceTree = "<group>"; };
		16FF0D8D155B91390044E9F8 /* dollar.bmp */ = {isa = PBXFileReference; lastKnownFileType = image.bmp; path = dollar.bmp; sourceTree = "<group>"; };
		16FF0D8E155B91390044E9F8 /* finger.bmp */ = {isa = PBXFileReference; lastKnownFileType = image.bmp; path = finger.bmp; sourceTree = "<group>"; };
		16FF0D8F155B91390044E9F8 /* fingerprint.bmp */ = {isa = PBXFileReference; lastKnownFileType = image.bmp; path = fingerprint.bmp; sourceTree = "<group>"; };
		16FF0D90155B91390044E9F8 /* flower.bmp */ = {isa = PBXFileReference; lastKnownFileType = image.bmp; path = flower.bmp; sourceTree = "<group>"; };
		16FF0D91155B91390044E9F8 /* flowers.bmp */ = {isa = PBXFileReference; lastKnownFileType = image.bmp; path = flowers.bmp; sourceTree = "<group>"; };
		16FF0D92155B91390044E9F8 /* fruits.bmp */ = {isa = PBXFileReference; lastKnownFileType = image.bmp; path = fruits.bmp; sourceTree = "<group>"; };
		16FF0D93155B91390044E9F8 /* girl.bmp */ = {isa = PBXFileReference; lastKnownFileType = image.bmp; path = girl.bmp; sourceTree = "<group>"; };
		16FF0D94155B91390044E9F8 /* goldhill.bmp */ = {isa = PBXFileReference; lastKnownFileType = image.bmp; path = goldhill.bmp; sourceTree = "<group>"; };
		16FF0D95155B91390044E9F8 /* lenna.bmp */ = {isa = PBXFileReference; lastKnownFileType = image.bmp; path = lenna.bmp; sourceTree = "<group>"; };
		16FF0D96155B91390044E9F8 /* man.bmp */ = {isa = PBXFileReference; lastKnownFileType = image.bmp; path = man.bmp; sourceTree = "<group>"; };
		16FF0D97155B91390044E9F8 /* monarch.bmp */ = {isa = PBXFileReference; lastKnownFileType = image.bmp; path = monarch.bmp; sourceTree = "<group>"; };
		16FF0D98155B91390044E9F8 /* pens.bmp */ = {isa = PBXFileReference; lastKnownFileType = image.bmp; path = pens.bmp; sourceTree = "<group>"; };
		16FF0D99155B91390044E9F8 /* pepper.bmp */ = {isa = PBXFileReference; lastKnownFileType = image.bmp; path = pepper.bmp; sourceTree = "<group>"; };
		16FF0D9A155B91390044E9F8 /* sailboat.bmp */ = {isa = PBXFileReference; lastKnownFileType = image.bmp; path = sailboat.bmp; sourceTree = "<group>"; };
		16FF0D9B155B91390044E9F8 /* soccer.bmp */ = {isa = PBXFileReference; lastKnownFileType = image.bmp; path = soccer.bmp; sourceTree = "<group>"; };
		16FF0D9C155B91390044E9F8 /* testpat.bmp */ = {isa = PBXFileReference; lastKnownFileType = image.bmp; path = testpat.bmp; sourceTree = "<group>"; };
		16FF0D9D155B91390044E9F8 /* tiffany.bmp */ = {isa = PBXFileReference; lastKnownFileType = image.bmp; path = tiffany.bmp; sourceTree = "<group>"; };
		16FF0D9E155B91390044E9F8 /* yacht.bmp */ = {isa = PBXFileReference; lastKnownFileType = image.bmp; path = yacht.bmp; sourceTree = "<group>"; };
		16FF0DBE155B970F0044E9F8 /* CoreImage.framework */ = {isa = PBXFileReference; lastKnownFileType = wrapper.framework; name = CoreImage.framework; path = System/Library/Frameworks/CoreImage.framework; sourceTree = SDKROOT; };
/* End PBXFileReference section */

/* Begin PBXFrameworksBuildPhase section */
		16FF0A2E155B89E90044E9F8 /* Frameworks */ = {
			isa = PBXFrameworksBuildPhase;
			buildActionMask = 2147483647;
			files = (
				16FF0DBF155B97100044E9F8 /* CoreImage.framework in Frameworks */,
				16FF0D69155B8B0C0044E9F8 /* libicucore.dylib in Frameworks */,
				16FF0D67155B8B050044E9F8 /* libxml2.dylib in Frameworks */,
				16FF0D65155B8B010044E9F8 /* libdb.a in Frameworks */,
				16FF0D63155B8AF90044E9F8 /* QuartzCore.framework in Frameworks */,
				16FF0A36155B89E90044E9F8 /* UIKit.framework in Frameworks */,
				16FF0A38155B89E90044E9F8 /* Foundation.framework in Frameworks */,
				16FF0A3A155B89E90044E9F8 /* CoreGraphics.framework in Frameworks */,
			);
			runOnlyForDeploymentPostprocessing = 0;
		};
/* End PBXFrameworksBuildPhase section */

/* Begin PBXGroup section */
		16FF0A26155B89E80044E9F8 = {
			isa = PBXGroup;
			children = (
				16FF0A3B155B89E90044E9F8 /* image */,
				16FF0D81155B91390044E9F8 /* resource */,
				16FF0A34155B89E90044E9F8 /* Frameworks */,
				16FF0A32155B89E90044E9F8 /* Products */,
			);
			sourceTree = "<group>";
		};
		16FF0A32155B89E90044E9F8 /* Products */ = {
			isa = PBXGroup;
			children = (
				16FF0A31155B89E90044E9F8 /* image.app */,
			);
			name = Products;
			sourceTree = "<group>";
		};
		16FF0A34155B89E90044E9F8 /* Frameworks */ = {
			isa = PBXGroup;
			children = (
				16FF0DBE155B970F0044E9F8 /* CoreImage.framework */,
				16FF0D7C155B8B6C0044E9F8 /* Default-Landscape@2x~ipad.png */,
				16FF0D7A155B8B690044E9F8 /* Default-Landscape~ipad.png */,
				16FF0D78155B8B620044E9F8 /* Default-Portrait@2x~ipad.png */,
				16FF0D76155B8B5C0044E9F8 /* Default-Portrait~ipad.png */,
				16FF0D74155B8B500044E9F8 /* logo@144.png */,
				16FF0D72155B8B4F0044E9F8 /* logo@72.png */,
				16FF0D70155B8B460044E9F8 /* Default@2x.png */,
				16FF0D6E155B8B430044E9F8 /* Default.png */,
				16FF0D6C155B8B3A0044E9F8 /* logo@114.png */,
				16FF0D6A155B8B380044E9F8 /* logo@57.png */,
				16FF0D68155B8B0C0044E9F8 /* libicucore.dylib */,
				16FF0D66155B8B050044E9F8 /* libxml2.dylib */,
				16FF0D64155B8B010044E9F8 /* libdb.a */,
				16FF0D62155B8AF90044E9F8 /* QuartzCore.framework */,
				16FF0A35155B89E90044E9F8 /* UIKit.framework */,
				16FF0A37155B89E90044E9F8 /* Foundation.framework */,
				16FF0A39155B89E90044E9F8 /* CoreGraphics.framework */,
			);
			name = Frameworks;
			sourceTree = "<group>";
		};
		16FF0A3B155B89E90044E9F8 /* image */ = {
			isa = PBXGroup;
			children = (
				16FF0D7E155B8C6C0044E9F8 /* MainController.h */,
				16FF0D7F155B8C6C0044E9F8 /* MainController.mm */,
				16ED1D9C1637979700FE74B3 /* ImageController.h */,
				16ED1D9D1637979700FE74B3 /* ImageController.mm */,
				16FF0A44155B89E90044E9F8 /* AppDelegate.h */,
				16FF0A45155B89E90044E9F8 /* AppDelegate.mm */,
				16FF0A3C155B89E90044E9F8 /* Supporting Files */,
			);
			path = image;
			sourceTree = "<group>";
		};
		16FF0A3C155B89E90044E9F8 /* Supporting Files */ = {
			isa = PBXGroup;
			children = (
				16FF0A3D155B89E90044E9F8 /* image-Info.plist */,
				16FF0A3E155B89E90044E9F8 /* InfoPlist.strings */,
				16FF0A41155B89E90044E9F8 /* main.mm */,
				16FF0A43155B89E90044E9F8 /* image-Prefix.pch */,
			);
			name = "Supporting Files";
			sourceTree = "<group>";
		};
		16FF0D81155B91390044E9F8 /* resource */ = {
			isa = PBXGroup;
			children = (
				16FF0D82155B91390044E9F8 /* aerial.bmp */,
				16FF0D83155B91390044E9F8 /* airfield.bmp */,
				16FF0D84155B91390044E9F8 /* airfield2.bmp */,
				16FF0D85155B91390044E9F8 /* airplaneU2.bmp */,
				16FF0D86155B91390044E9F8 /* baboon.bmp */,
				16FF0D87155B91390044E9F8 /* barbara.bmp */,
				16FF0D88155B91390044E9F8 /* boats.bmp */,
				16FF0D89155B91390044E9F8 /* BoatsColor.bmp */,
				16FF0D8A155B91390044E9F8 /* bridge.bmp */,
				16FF0D8B155B91390044E9F8 /* cablecar.bmp */,
				16FF0D8C155B91390044E9F8 /* cornfield.bmp */,
				16FF0D8D155B91390044E9F8 /* dollar.bmp */,
				16FF0D8E155B91390044E9F8 /* finger.bmp */,
				16FF0D8F155B91390044E9F8 /* fingerprint.bmp */,
				16FF0D90155B91390044E9F8 /* flower.bmp */,
				16FF0D91155B91390044E9F8 /* flowers.bmp */,
				16FF0D92155B91390044E9F8 /* fruits.bmp */,
				16FF0D93155B91390044E9F8 /* girl.bmp */,
				16FF0D94155B91390044E9F8 /* goldhill.bmp */,
				16FF0D95155B91390044E9F8 /* lenna.bmp */,
				16FF0D96155B91390044E9F8 /* man.bmp */,
				16FF0D97155B91390044E9F8 /* monarch.bmp */,
				16FF0D98155B91390044E9F8 /* pens.bmp */,
				16FF0D99155B91390044E9F8 /* pepper.bmp */,
				16FF0D9A155B91390044E9F8 /* sailboat.bmp */,
				16FF0D9B155B91390044E9F8 /* soccer.bmp */,
				16FF0D9C155B91390044E9F8 /* testpat.bmp */,
				16FF0D9D155B91390044E9F8 /* tiffany.bmp */,
				16FF0D9E155B91390044E9F8 /* yacht.bmp */,
			);
			name = resource;
			path = image/resource;
			sourceTree = "<group>";
		};
/* End PBXGroup section */

/* Begin PBXNativeTarget section */
		16FF0A30155B89E90044E9F8 /* image */ = {
			isa = PBXNativeTarget;
			buildConfigurationList = 16FF0A49155B89E90044E9F8 /* Build configuration list for PBXNativeTarget "image" */;
			buildPhases = (
				16FF0A2D155B89E90044E9F8 /* Sources */,
				16FF0A2E155B89E90044E9F8 /* Frameworks */,
				16FF0A2F155B89E90044E9F8 /* Resources */,
			);
			buildRules = (
			);
			dependencies = (
			);
			name = image;
			productName = image;
			productReference = 16FF0A31155B89E90044E9F8 /* image.app */;
			productType = "com.apple.product-type.application";
		};
/* End PBXNativeTarget section */

/* Begin PBXProject section */
		16FF0A28155B89E80044E9F8 /* Project object */ = {
			isa = PBXProject;
			attributes = {
				LastUpgradeCheck = 0430;
			};
			buildConfigurationList = 16FF0A2B155B89E80044E9F8 /* Build configuration list for PBXProject "image" */;
			compatibilityVersion = "Xcode 3.2";
			developmentRegion = English;
			hasScannedForEncodings = 0;
			knownRegions = (
				en,
			);
			mainGroup = 16FF0A26155B89E80044E9F8;
			productRefGroup = 16FF0A32155B89E90044E9F8 /* Products */;
			projectDirPath = "";
			projectRoot = "";
			targets = (
				16FF0A30155B89E90044E9F8 /* image */,
			);
		};
/* End PBXProject section */

/* Begin PBXResourcesBuildPhase section */
		16FF0A2F155B89E90044E9F8 /* Resources */ = {
			isa = PBXResourcesBuildPhase;
			buildActionMask = 2147483647;
			files = (
				16FF0A40155B89E90044E9F8 /* InfoPlist.strings in Resources */,
				16FF0D6B155B8B380044E9F8 /* logo@57.png in Resources */,
				16FF0D6D155B8B3A0044E9F8 /* logo@114.png in Resources */,
				16FF0D6F155B8B430044E9F8 /* Default.png in Resources */,
				16FF0D71155B8B460044E9F8 /* Default@2x.png in Resources */,
				16FF0D73155B8B4F0044E9F8 /* logo@72.png in Resources */,
				16FF0D75155B8B500044E9F8 /* logo@144.png in Resources */,
				16FF0D77155B8B5C0044E9F8 /* Default-Portrait~ipad.png in Resources */,
				16FF0D79155B8B620044E9F8 /* Default-Portrait@2x~ipad.png in Resources */,
				16FF0D7B155B8B690044E9F8 /* Default-Landscape~ipad.png in Resources */,
				16FF0D7D155B8B6C0044E9F8 /* Default-Landscape@2x~ipad.png in Resources */,
				16FF0D9F155B91390044E9F8 /* aerial.bmp in Resources */,
				16FF0DA0155B91390044E9F8 /* airfield.bmp in Resources */,
				16FF0DA1155B91390044E9F8 /* airfield2.bmp in Resources */,
				16FF0DA2155B91390044E9F8 /* airplaneU2.bmp in Resources */,
				16FF0DA3155B91390044E9F8 /* baboon.bmp in Resources */,
				16FF0DA4155B91390044E9F8 /* barbara.bmp in Resources */,
				16FF0DA5155B91390044E9F8 /* boats.bmp in Resources */,
				16FF0DA6155B91390044E9F8 /* BoatsColor.bmp in Resources */,
				16FF0DA7155B91390044E9F8 /* bridge.bmp in Resources */,
				16FF0DA8155B91390044E9F8 /* cablecar.bmp in Resources */,
				16FF0DA9155B91390044E9F8 /* cornfield.bmp in Resources */,
				16FF0DAA155B91390044E9F8 /* dollar.bmp in Resources */,
				16FF0DAB155B91390044E9F8 /* finger.bmp in Resources */,
				16FF0DAC155B91390044E9F8 /* fingerprint.bmp in Resources */,
				16FF0DAD155B91390044E9F8 /* flower.bmp in Resources */,
				16FF0DAE155B91390044E9F8 /* flowers.bmp in Resources */,
				16FF0DAF155B91390044E9F8 /* fruits.bmp in Resources */,
				16FF0DB0155B91390044E9F8 /* girl.bmp in Resources */,
				16FF0DB1155B91390044E9F8 /* goldhill.bmp in Resources */,
				16FF0DB2155B91390044E9F8 /* lenna.bmp in Resources */,
				16FF0DB3155B91390044E9F8 /* man.bmp in Resources */,
				16FF0DB4155B91390044E9F8 /* monarch.bmp in Resources */,
				16FF0DB5155B91390044E9F8 /* pens.bmp in Resources */,
				16FF0DB6155B91390044E9F8 /* pepper.bmp in Resources */,
				16FF0DB7155B91390044E9F8 /* sailboat.bmp in Resources */,
				16FF0DB8155B91390044E9F8 /* soccer.bmp in Resources */,
				16FF0DB9155B91390044E9F8 /* testpat.bmp in Resources */,
				16FF0DBA155B91390044E9F8 /* tiffany.bmp in Resources */,
				16FF0DBB155B91390044E9F8 /* yacht.bmp in Resources */,
			);
			runOnlyForDeploymentPostprocessing = 0;
		};
/* End PBXResourcesBuildPhase section */

/* Begin PBXSourcesBuildPhase section */
		16FF0A2D155B89E90044E9F8 /* Sources */ = {
			isa = PBXSourcesBuildPhase;
			buildActionMask = 2147483647;
			files = (
				16FF0A42155B89E90044E9F8 /* main.mm in Sources */,
				16FF0A46155B89E90044E9F8 /* AppDelegate.mm in Sources */,
				16FF0D80155B8C6C0044E9F8 /* MainController.mm in Sources */,
				16ED1D9E1637979700FE74B3 /* ImageController.mm in Sources */,
			);
			runOnlyForDeploymentPostprocessing = 0;
		};
/* End PBXSourcesBuildPhase section */

/* Begin PBXVariantGroup section */
		16FF0A3E155B89E90044E9F8 /* InfoPlist.strings */ = {
			isa = PBXVariantGroup;
			children = (
				16FF0A3F155B89E90044E9F8 /* en */,
			);
			name = InfoPlist.strings;
			sourceTree = "<group>";
		};
/* End PBXVariantGroup section */

/* Begin XCBuildConfiguration section */
		16FF0A47155B89E90044E9F8 /* Debug */ = {
			isa = XCBuildConfiguration;
			buildSettings = {
				ALWAYS_SEARCH_USER_PATHS = NO;
				ARCHS = "$(ARCHS_STANDARD_32_BIT)";
				"CODE_SIGN_IDENTITY[sdk=iphoneos*]" = "iPhone Developer";
				COPY_PHASE_STRIP = NO;
				GCC_C_LANGUAGE_STANDARD = gnu99;
				GCC_DYNAMIC_NO_PIC = NO;
				GCC_OPTIMIZATION_LEVEL = 0;
				GCC_PREPROCESSOR_DEFINITIONS = (
					"DEBUG=1",
					"$(inherited)",
				);
				GCC_SYMBOLS_PRIVATE_EXTERN = NO;
				GCC_VERSION = com.apple.compilers.llvm.clang.1_0;
				GCC_WARN_ABOUT_RETURN_TYPE = YES;
				GCC_WARN_UNINITIALIZED_AUTOS = YES;
				GCC_WARN_UNUSED_VARIABLE = YES;
				IPHONEOS_DEPLOYMENT_TARGET = 4.0;
				SDKROOT = iphoneos;
				TARGETED_DEVICE_FAMILY = "1,2";
			};
			name = Debug;
		};
		16FF0A48155B89E90044E9F8 /* Release */ = {
			isa = XCBuildConfiguration;
			buildSettings = {
				ALWAYS_SEARCH_USER_PATHS = NO;
				ARCHS = "$(ARCHS_STANDARD_32_BIT)";
				"CODE_SIGN_IDENTITY[sdk=iphoneos*]" = "iPhone Developer";
				COPY_PHASE_STRIP = YES;
				GCC_C_LANGUAGE_STANDARD = gnu99;
				GCC_VERSION = com.apple.compilers.llvm.clang.1_0;
				GCC_WARN_ABOUT_RETURN_TYPE = YES;
				GCC_WARN_UNINITIALIZED_AUTOS = YES;
				GCC_WARN_UNUSED_VARIABLE = YES;
				IPHONEOS_DEPLOYMENT_TARGET = 4.0;
				OTHER_CFLAGS = "-DNS_BLOCK_ASSERTIONS=1";
				SDKROOT = iphoneos;
				TARGETED_DEVICE_FAMILY = "1,2";
				VALIDATE_PRODUCT = YES;
			};
			name = Release;
		};
		16FF0A4A155B89E90044E9F8 /* Debug */ = {
			isa = XCBuildConfiguration;
			buildSettings = {
				GCC_PRECOMPILE_PREFIX_HEADER = YES;
				GCC_PREFIX_HEADER = "image/image-Prefix.pch";
				INFOPLIST_FILE = "image/image-Info.plist";
				LIBRARY_SEARCH_PATHS = (
					"$(inherited)",
					"\"/Users/wybo/Library/Developer/Xcode/DerivedData/allinone-grfriqmlrljimgcjcjllfdwbyozk/Build/Products/Debug-iphoneos\"",
					"\"$(SRCROOT)/../../lib/iOS\"",
				);
				PRODUCT_NAME = "$(TARGET_NAME)";
				WRAPPER_EXTENSION = app;
			};
			name = Debug;
		};
		16FF0A4B155B89E90044E9F8 /* Release */ = {
			isa = XCBuildConfiguration;
			buildSettings = {
				GCC_PRECOMPILE_PREFIX_HEADER = YES;
				GCC_PREFIX_HEADER = "image/image-Prefix.pch";
				INFOPLIST_FILE = "image/image-Info.plist";
				LIBRARY_SEARCH_PATHS = (
					"$(inherited)",
					"\"/Users/wybo/Library/Developer/Xcode/DerivedData/allinone-grfriqmlrljimgcjcjllfdwbyozk/Build/Products/Debug-iphoneos\"",
					"\"$(SRCROOT)/../../lib/iOS\"",
				);
				PRODUCT_NAME = "$(TARGET_NAME)";
				WRAPPER_EXTENSION = app;
			};
			name = Release;
		};
/* End XCBuildConfiguration section */

/* Begin XCConfigurationList section */
		16FF0A2B155B89E80044E9F8 /* Build configuration list for PBXProject "image" */ = {
			isa = XCConfigurationList;
			buildConfigurations = (
				16FF0A47155B89E90044E9F8 /* Debug */,
				16FF0A48155B89E90044E9F8 /* Release */,
			);
			defaultConfigurationIsVisible = 0;
			defaultConfigurationName = Release;
		};
		16FF0A49155B89E90044E9F8 /* Build configuration list for PBXNativeTarget "image" */ = {
			isa = XCConfigurationList;
			buildConfigurations = (
				16FF0A4A155B89E90044E9F8 /* Debug */,
				16FF0A4B155B89E90044E9F8 /* Release */,
			);
			defaultConfigurationIsVisible = 0;
			defaultConfigurationName = Release;
		};
/* End XCConfigurationList section */
	};
	rootObject = 16FF0A28155B89E80044E9F8 /* Project object */;
}
