// !$*UTF8*$!
{
	archiveVersion = 1;
	classes = {
	};
	objectVersion = 46;
	objects = {

/* Begin PBXBuildFile section */
		16C3D0EB16D1BC11009426A0 /* UIKit.framework in Frameworks */ = {isa = PBXBuildFile; fileRef = 16C3D0EA16D1BC11009426A0 /* UIKit.framework */; };
		16C3D0ED16D1BC11009426A0 /* Foundation.framework in Frameworks */ = {isa = PBXBuildFile; fileRef = 16C3D0EC16D1BC11009426A0 /* Foundation.framework */; };
		16C3D0EF16D1BC11009426A0 /* CoreGraphics.framework in Frameworks */ = {isa = PBXBuildFile; fileRef = 16C3D0EE16D1BC11009426A0 /* CoreGraphics.framework */; };
		16C3D0F516D1BC12009426A0 /* InfoPlist.strings in Resources */ = {isa = PBXBuildFile; fileRef = 16C3D0F316D1BC12009426A0 /* InfoPlist.strings */; };
		16C3D0F716D1BC12009426A0 /* main.mm in Sources */ = {isa = PBXBuildFile; fileRef = 16C3D0F616D1BC12009426A0 /* main.mm */; };
		16C3D0FB16D1BC13009426A0 /* AppDelegate.mm in Sources */ = {isa = PBXBuildFile; fileRef = 16C3D0FA16D1BC13009426A0 /* AppDelegate.mm */; };
		16C3D46816D1BCA9009426A0 /* MainController.mm in Sources */ = {isa = PBXBuildFile; fileRef = 16C3D46716D1BCA9009426A0 /* MainController.mm */; };
		16C3D46A16D1BCB8009426A0 /* logo@57.png in Resources */ = {isa = PBXBuildFile; fileRef = 16C3D46916D1BCB8009426A0 /* logo@57.png */; };
		16C3D46C16D1BCB9009426A0 /* logo@114.png in Resources */ = {isa = PBXBuildFile; fileRef = 16C3D46B16D1BCB9009426A0 /* logo@114.png */; };
		16C3D46E16D1BCBF009426A0 /* Default@2x.png in Resources */ = {isa = PBXBuildFile; fileRef = 16C3D46D16D1BCBF009426A0 /* Default@2x.png */; };
		16C3D47016D1BCC1009426A0 /* Default.png in Resources */ = {isa = PBXBuildFile; fileRef = 16C3D46F16D1BCC1009426A0 /* Default.png */; };
		16C3D47216D1BCC2009426A0 /* Default-568h@2x.png in Resources */ = {isa = PBXBuildFile; fileRef = 16C3D47116D1BCC2009426A0 /* Default-568h@2x.png */; };
		16C3D47416D1BCC9009426A0 /* logo@72.png in Resources */ = {isa = PBXBuildFile; fileRef = 16C3D47316D1BCC9009426A0 /* logo@72.png */; };
		16C3D47616D1BCCB009426A0 /* logo@144.png in Resources */ = {isa = PBXBuildFile; fileRef = 16C3D47516D1BCCB009426A0 /* logo@144.png */; };
		16C3D47816D1BCD7009426A0 /* Default-Portrait~ipad.png in Resources */ = {isa = PBXBuildFile; fileRef = 16C3D47716D1BCD7009426A0 /* Default-Portrait~ipad.png */; };
		16C3D47A16D1BCD9009426A0 /* Default-Portrait@2x~ipad.png in Resources */ = {isa = PBXBuildFile; fileRef = 16C3D47916D1BCD9009426A0 /* Default-Portrait@2x~ipad.png */; };
		16C3D47C16D1BCDE009426A0 /* Default-Landscape@2x~ipad.png in Resources */ = {isa = PBXBuildFile; fileRef = 16C3D47B16D1BCDE009426A0 /* Default-Landscape@2x~ipad.png */; };
		16C3D47E16D1BCE1009426A0 /* Default-Landscape~ipad.png in Resources */ = {isa = PBXBuildFile; fileRef = 16C3D47D16D1BCE1009426A0 /* Default-Landscape~ipad.png */; };
		16C3D48216D1BCF3009426A0 /* QuartzCore.framework in Frameworks */ = {isa = PBXBuildFile; fileRef = 16C3D48116D1BCF3009426A0 /* QuartzCore.framework */; };
		16C3D48416D1BCF6009426A0 /* libxml2.dylib in Frameworks */ = {isa = PBXBuildFile; fileRef = 16C3D48316D1BCF6009426A0 /* libxml2.dylib */; };
		16C3D48616D1BCFA009426A0 /* libicucore.dylib in Frameworks */ = {isa = PBXBuildFile; fileRef = 16C3D48516D1BCFA009426A0 /* libicucore.dylib */; };
		16C3D48816D1BD04009426A0 /* libdb.a in Frameworks */ = {isa = PBXBuildFile; fileRef = 16C3D48716D1BD04009426A0 /* libdb.a */; };
		16C3DB6C16D1DCDD009426A0 /* libsqlite3.dylib in Frameworks */ = {isa = PBXBuildFile; fileRef = 16C3DB6B16D1DCDD009426A0 /* libsqlite3.dylib */; };
/* End PBXBuildFile section */

/* Begin PBXFileReference section */
		16C3D0E716D1BC11009426A0 /* orm.app */ = {isa = PBXFileReference; explicitFileType = wrapper.application; includeInIndex = 0; path = orm.app; sourceTree = BUILT_PRODUCTS_DIR; };
		16C3D0EA16D1BC11009426A0 /* UIKit.framework */ = {isa = PBXFileReference; lastKnownFileType = wrapper.framework; name = UIKit.framework; path = System/Library/Frameworks/UIKit.framework; sourceTree = SDKROOT; };
		16C3D0EC16D1BC11009426A0 /* Foundation.framework */ = {isa = PBXFileReference; lastKnownFileType = wrapper.framework; name = Foundation.framework; path = System/Library/Frameworks/Foundation.framework; sourceTree = SDKROOT; };
		16C3D0EE16D1BC11009426A0 /* CoreGraphics.framework */ = {isa = PBXFileReference; lastKnownFileType = wrapper.framework; name = CoreGraphics.framework; path = System/Library/Frameworks/CoreGraphics.framework; sourceTree = SDKROOT; };
		16C3D0F216D1BC12009426A0 /* orm-Info.plist */ = {isa = PBXFileReference; lastKnownFileType = text.plist.xml; path = "orm-Info.plist"; sourceTree = "<group>"; };
		16C3D0F416D1BC12009426A0 /* en */ = {isa = PBXFileReference; lastKnownFileType = text.plist.strings; name = en; path = en.lproj/InfoPlist.strings; sourceTree = "<group>"; };
		16C3D0F616D1BC12009426A0 /* main.mm */ = {isa = PBXFileReference; lastKnownFileType = sourcecode.cpp.objcpp; path = main.mm; sourceTree = "<group>"; };
		16C3D0F816D1BC12009426A0 /* orm-Prefix.pch */ = {isa = PBXFileReference; lastKnownFileType = sourcecode.c.h; path = "orm-Prefix.pch"; sourceTree = "<group>"; };
		16C3D0F916D1BC12009426A0 /* AppDelegate.h */ = {isa = PBXFileReference; lastKnownFileType = sourcecode.c.h; path = AppDelegate.h; sourceTree = "<group>"; };
		16C3D0FA16D1BC13009426A0 /* AppDelegate.mm */ = {isa = PBXFileReference; lastKnownFileType = sourcecode.cpp.objcpp; path = AppDelegate.mm; sourceTree = "<group>"; };
		16C3D46616D1BCA9009426A0 /* MainController.h */ = {isa = PBXFileReference; fileEncoding = 4; lastKnownFileType = sourcecode.c.h; path = MainController.h; sourceTree = "<group>"; };
		16C3D46716D1BCA9009426A0 /* MainController.mm */ = {isa = PBXFileReference; fileEncoding = 4; lastKnownFileType = sourcecode.cpp.objcpp; path = MainController.mm; sourceTree = "<group>"; };
		16C3D46916D1BCB8009426A0 /* logo@57.png */ = {isa = PBXFileReference; lastKnownFileType = image.png; path = "logo@57.png"; sourceTree = "<group>"; };
		16C3D46B16D1BCB9009426A0 /* logo@114.png */ = {isa = PBXFileReference; lastKnownFileType = image.png; path = "logo@114.png"; sourceTree = "<group>"; };
		16C3D46D16D1BCBF009426A0 /* Default@2x.png */ = {isa = PBXFileReference; lastKnownFileType = image.png; path = "Default@2x.png"; sourceTree = "<group>"; };
		16C3D46F16D1BCC1009426A0 /* Default.png */ = {isa = PBXFileReference; lastKnownFileType = image.png; path = Default.png; sourceTree = "<group>"; };
		16C3D47116D1BCC2009426A0 /* Default-568h@2x.png */ = {isa = PBXFileReference; lastKnownFileType = image.png; path = "Default-568h@2x.png"; sourceTree = "<group>"; };
		16C3D47316D1BCC9009426A0 /* logo@72.png */ = {isa = PBXFileReference; lastKnownFileType = image.png; path = "logo@72.png"; sourceTree = "<group>"; };
		16C3D47516D1BCCB009426A0 /* logo@144.png */ = {isa = PBXFileReference; lastKnownFileType = image.png; path = "logo@144.png"; sourceTree = "<group>"; };
		16C3D47716D1BCD7009426A0 /* Default-Portrait~ipad.png */ = {isa = PBXFileReference; lastKnownFileType = image.png; path = "Default-Portrait~ipad.png"; sourceTree = "<group>"; };
		16C3D47916D1BCD9009426A0 /* Default-Portrait@2x~ipad.png */ = {isa = PBXFileReference; lastKnownFileType = image.png; path = "Default-Portrait@2x~ipad.png"; sourceTree = "<group>"; };
		16C3D47B16D1BCDE009426A0 /* Default-Landscape@2x~ipad.png */ = {isa = PBXFileReference; lastKnownFileType = image.png; path = "Default-Landscape@2x~ipad.png"; sourceTree = "<group>"; };
		16C3D47D16D1BCE1009426A0 /* Default-Landscape~ipad.png */ = {isa = PBXFileReference; lastKnownFileType = image.png; path = "Default-Landscape~ipad.png"; sourceTree = "<group>"; };
		16C3D48116D1BCF3009426A0 /* QuartzCore.framework */ = {isa = PBXFileReference; lastKnownFileType = wrapper.framework; name = QuartzCore.framework; path = System/Library/Frameworks/QuartzCore.framework; sourceTree = SDKROOT; };
		16C3D48316D1BCF6009426A0 /* libxml2.dylib */ = {isa = PBXFileReference; lastKnownFileType = "compiled.mach-o.dylib"; name = libxml2.dylib; path = usr/lib/libxml2.dylib; sourceTree = SDKROOT; };
		16C3D48516D1BCFA009426A0 /* libicucore.dylib */ = {isa = PBXFileReference; lastKnownFileType = "compiled.mach-o.dylib"; name = libicucore.dylib; path = usr/lib/libicucore.dylib; sourceTree = SDKROOT; };
		16C3D48716D1BD04009426A0 /* libdb.a */ = {isa = PBXFileReference; lastKnownFileType = archive.ar; name = libdb.a; path = ../../lib/iOS/libdb.a; sourceTree = "<group>"; };
		16C3DB6B16D1DCDD009426A0 /* libsqlite3.dylib */ = {isa = PBXFileReference; lastKnownFileType = "compiled.mach-o.dylib"; name = libsqlite3.dylib; path = usr/lib/libsqlite3.dylib; sourceTree = SDKROOT; };
/* End PBXFileReference section */

/* Begin PBXFrameworksBuildPhase section */
		16C3D0E416D1BC11009426A0 /* Frameworks */ = {
			isa = PBXFrameworksBuildPhase;
			buildActionMask = 2147483647;
			files = (
				16C3DB6C16D1DCDD009426A0 /* libsqlite3.dylib in Frameworks */,
				16C3D48816D1BD04009426A0 /* libdb.a in Frameworks */,
				16C3D48616D1BCFA009426A0 /* libicucore.dylib in Frameworks */,
				16C3D48416D1BCF6009426A0 /* libxml2.dylib in Frameworks */,
				16C3D48216D1BCF3009426A0 /* QuartzCore.framework in Frameworks */,
				16C3D0EB16D1BC11009426A0 /* UIKit.framework in Frameworks */,
				16C3D0ED16D1BC11009426A0 /* Foundation.framework in Frameworks */,
				16C3D0EF16D1BC11009426A0 /* CoreGraphics.framework in Frameworks */,
			);
			runOnlyForDeploymentPostprocessing = 0;
		};
/* End PBXFrameworksBuildPhase section */

/* Begin PBXGroup section */
		16C3D0DE16D1BC11009426A0 = {
			isa = PBXGroup;
			children = (
				16C3D0F016D1BC11009426A0 /* orm */,
				16C3D0E916D1BC11009426A0 /* Frameworks */,
				16C3D0E816D1BC11009426A0 /* Products */,
			);
			sourceTree = "<group>";
		};
		16C3D0E816D1BC11009426A0 /* Products */ = {
			isa = PBXGroup;
			children = (
				16C3D0E716D1BC11009426A0 /* orm.app */,
			);
			name = Products;
			sourceTree = "<group>";
		};
		16C3D0E916D1BC11009426A0 /* Frameworks */ = {
			isa = PBXGroup;
			children = (
				16C3DB6B16D1DCDD009426A0 /* libsqlite3.dylib */,
				16C3D48716D1BD04009426A0 /* libdb.a */,
				16C3D48516D1BCFA009426A0 /* libicucore.dylib */,
				16C3D48316D1BCF6009426A0 /* libxml2.dylib */,
				16C3D48116D1BCF3009426A0 /* QuartzCore.framework */,
				16C3D47D16D1BCE1009426A0 /* Default-Landscape~ipad.png */,
				16C3D47B16D1BCDE009426A0 /* Default-Landscape@2x~ipad.png */,
				16C3D47916D1BCD9009426A0 /* Default-Portrait@2x~ipad.png */,
				16C3D47716D1BCD7009426A0 /* Default-Portrait~ipad.png */,
				16C3D47516D1BCCB009426A0 /* logo@144.png */,
				16C3D47316D1BCC9009426A0 /* logo@72.png */,
				16C3D47116D1BCC2009426A0 /* Default-568h@2x.png */,
				16C3D46F16D1BCC1009426A0 /* Default.png */,
				16C3D46D16D1BCBF009426A0 /* Default@2x.png */,
				16C3D46B16D1BCB9009426A0 /* logo@114.png */,
				16C3D46916D1BCB8009426A0 /* logo@57.png */,
				16C3D0EA16D1BC11009426A0 /* UIKit.framework */,
				16C3D0EC16D1BC11009426A0 /* Foundation.framework */,
				16C3D0EE16D1BC11009426A0 /* CoreGraphics.framework */,
			);
			name = Frameworks;
			sourceTree = "<group>";
		};
		16C3D0F016D1BC11009426A0 /* orm */ = {
			isa = PBXGroup;
			children = (
				16C3D46616D1BCA9009426A0 /* MainController.h */,
				16C3D46716D1BCA9009426A0 /* MainController.mm */,
				16C3D0F916D1BC12009426A0 /* AppDelegate.h */,
				16C3D0FA16D1BC13009426A0 /* AppDelegate.mm */,
				16C3D0F116D1BC12009426A0 /* Supporting Files */,
			);
			path = orm;
			sourceTree = "<group>";
		};
		16C3D0F116D1BC12009426A0 /* Supporting Files */ = {
			isa = PBXGroup;
			children = (
				16C3D0F216D1BC12009426A0 /* orm-Info.plist */,
				16C3D0F316D1BC12009426A0 /* InfoPlist.strings */,
				16C3D0F616D1BC12009426A0 /* main.mm */,
				16C3D0F816D1BC12009426A0 /* orm-Prefix.pch */,
			);
			name = "Supporting Files";
			sourceTree = "<group>";
		};
/* End PBXGroup section */

/* Begin PBXNativeTarget section */
		16C3D0E616D1BC11009426A0 /* orm */ = {
			isa = PBXNativeTarget;
			buildConfigurationList = 16C3D10416D1BC13009426A0 /* Build configuration list for PBXNativeTarget "orm" */;
			buildPhases = (
				16C3D0E316D1BC11009426A0 /* Sources */,
				16C3D0E416D1BC11009426A0 /* Frameworks */,
				16C3D0E516D1BC11009426A0 /* Resources */,
			);
			buildRules = (
			);
			dependencies = (
			);
			name = orm;
			productName = orm;
			productReference = 16C3D0E716D1BC11009426A0 /* orm.app */;
			productType = "com.apple.product-type.application";
		};
/* End PBXNativeTarget section */

/* Begin PBXProject section */
		16C3D0DF16D1BC11009426A0 /* Project object */ = {
			isa = PBXProject;
			attributes = {
				LastUpgradeCheck = 0460;
				ORGANIZATIONNAME = wsi;
			};
			buildConfigurationList = 16C3D0E216D1BC11009426A0 /* Build configuration list for PBXProject "orm" */;
			compatibilityVersion = "Xcode 3.2";
			developmentRegion = English;
			hasScannedForEncodings = 0;
			knownRegions = (
				en,
			);
			mainGroup = 16C3D0DE16D1BC11009426A0;
			productRefGroup = 16C3D0E816D1BC11009426A0 /* Products */;
			projectDirPath = "";
			projectRoot = "";
			targets = (
				16C3D0E616D1BC11009426A0 /* orm */,
			);
		};
/* End PBXProject section */

/* Begin PBXResourcesBuildPhase section */
		16C3D0E516D1BC11009426A0 /* Resources */ = {
			isa = PBXResourcesBuildPhase;
			buildActionMask = 2147483647;
			files = (
				16C3D0F516D1BC12009426A0 /* InfoPlist.strings in Resources */,
				16C3D46A16D1BCB8009426A0 /* logo@57.png in Resources */,
				16C3D46C16D1BCB9009426A0 /* logo@114.png in Resources */,
				16C3D46E16D1BCBF009426A0 /* Default@2x.png in Resources */,
				16C3D47016D1BCC1009426A0 /* Default.png in Resources */,
				16C3D47216D1BCC2009426A0 /* Default-568h@2x.png in Resources */,
				16C3D47416D1BCC9009426A0 /* logo@72.png in Resources */,
				16C3D47616D1BCCB009426A0 /* logo@144.png in Resources */,
				16C3D47816D1BCD7009426A0 /* Default-Portrait~ipad.png in Resources */,
				16C3D47A16D1BCD9009426A0 /* Default-Portrait@2x~ipad.png in Resources */,
				16C3D47C16D1BCDE009426A0 /* Default-Landscape@2x~ipad.png in Resources */,
				16C3D47E16D1BCE1009426A0 /* Default-Landscape~ipad.png in Resources */,
			);
			runOnlyForDeploymentPostprocessing = 0;
		};
/* End PBXResourcesBuildPhase section */

/* Begin PBXSourcesBuildPhase section */
		16C3D0E316D1BC11009426A0 /* Sources */ = {
			isa = PBXSourcesBuildPhase;
			buildActionMask = 2147483647;
			files = (
				16C3D0F716D1BC12009426A0 /* main.mm in Sources */,
				16C3D0FB16D1BC13009426A0 /* AppDelegate.mm in Sources */,
				16C3D46816D1BCA9009426A0 /* MainController.mm in Sources */,
			);
			runOnlyForDeploymentPostprocessing = 0;
		};
/* End PBXSourcesBuildPhase section */

/* Begin PBXVariantGroup section */
		16C3D0F316D1BC12009426A0 /* InfoPlist.strings */ = {
			isa = PBXVariantGroup;
			children = (
				16C3D0F416D1BC12009426A0 /* en */,
			);
			name = InfoPlist.strings;
			sourceTree = "<group>";
		};
/* End PBXVariantGroup section */

/* Begin XCBuildConfiguration section */
		16C3D10216D1BC13009426A0 /* Debug */ = {
			isa = XCBuildConfiguration;
			buildSettings = {
				ALWAYS_SEARCH_USER_PATHS = NO;
				CLANG_CXX_LANGUAGE_STANDARD = "gnu++0x";
				CLANG_CXX_LIBRARY = "compiler-default";
				CLANG_WARN_CONSTANT_CONVERSION = YES;
				CLANG_WARN_EMPTY_BODY = YES;
				CLANG_WARN_ENUM_CONVERSION = YES;
				CLANG_WARN_INT_CONVERSION = YES;
				CLANG_WARN__DUPLICATE_METHOD_MATCH = YES;
				"CODE_SIGN_IDENTITY[sdk=iphoneos*]" = "iPhone Developer";
				COPY_PHASE_STRIP = NO;
				GCC_C_LANGUAGE_STANDARD = gnu99;
				GCC_DYNAMIC_NO_PIC = NO;
				GCC_OPTIMIZATION_LEVEL = 0;
				GCC_PREPROCESSOR_DEFINITIONS = (
					"DEBUG=1",
					"$(inherited)",
				);
				GCC_SYMBOLS_PRIVATE_EXTERN = NO;
				GCC_WARN_ABOUT_RETURN_TYPE = YES;
				GCC_WARN_UNINITIALIZED_AUTOS = YES;
				GCC_WARN_UNUSED_VARIABLE = YES;
				IPHONEOS_DEPLOYMENT_TARGET = 4.0;
				ONLY_ACTIVE_ARCH = YES;
				SDKROOT = iphoneos;
				TARGETED_DEVICE_FAMILY = "1,2";
			};
			name = Debug;
		};
		16C3D10316D1BC13009426A0 /* Release */ = {
			isa = XCBuildConfiguration;
			buildSettings = {
				ALWAYS_SEARCH_USER_PATHS = NO;
				CLANG_CXX_LANGUAGE_STANDARD = "gnu++0x";
				CLANG_CXX_LIBRARY = "compiler-default";
				CLANG_WARN_CONSTANT_CONVERSION = YES;
				CLANG_WARN_EMPTY_BODY = YES;
				CLANG_WARN_ENUM_CONVERSION = YES;
				CLANG_WARN_INT_CONVERSION = YES;
				CLANG_WARN__DUPLICATE_METHOD_MATCH = YES;
				"CODE_SIGN_IDENTITY[sdk=iphoneos*]" = "iPhone Developer";
				COPY_PHASE_STRIP = YES;
				GCC_C_LANGUAGE_STANDARD = gnu99;
				GCC_WARN_ABOUT_RETURN_TYPE = YES;
				GCC_WARN_UNINITIALIZED_AUTOS = YES;
				GCC_WARN_UNUSED_VARIABLE = YES;
				IPHONEOS_DEPLOYMENT_TARGET = 4.0;
				OTHER_CFLAGS = "-DNS_BLOCK_ASSERTIONS=1";
				SDKROOT = iphoneos;
				TARGETED_DEVICE_FAMILY = "1,2";
				VALIDATE_PRODUCT = YES;
			};
			name = Release;
		};
		16C3D10516D1BC13009426A0 /* Debug */ = {
			isa = XCBuildConfiguration;
			buildSettings = {
				GCC_PRECOMPILE_PREFIX_HEADER = YES;
				GCC_PREFIX_HEADER = "orm/orm-Prefix.pch";
				INFOPLIST_FILE = "orm/orm-Info.plist";
				LIBRARY_SEARCH_PATHS = (
					"$(inherited)",
					"\"/Users/wybo/Library/Developer/Xcode/DerivedData/allinone-hacgciqvgdhxsyaphezszhfnnbaw/Build/Products/Debug-iphoneos\"",
					"\"$(SRCROOT)/../../lib/iOS\"",
				);
				PRODUCT_NAME = "$(TARGET_NAME)";
				WRAPPER_EXTENSION = app;
			};
			name = Debug;
		};
		16C3D10616D1BC13009426A0 /* Release */ = {
			isa = XCBuildConfiguration;
			buildSettings = {
				GCC_PRECOMPILE_PREFIX_HEADER = YES;
				GCC_PREFIX_HEADER = "orm/orm-Prefix.pch";
				INFOPLIST_FILE = "orm/orm-Info.plist";
				LIBRARY_SEARCH_PATHS = (
					"$(inherited)",
					"\"/Users/wybo/Library/Developer/Xcode/DerivedData/allinone-hacgciqvgdhxsyaphezszhfnnbaw/Build/Products/Debug-iphoneos\"",
					"\"$(SRCROOT)/../../lib/iOS\"",
				);
				PRODUCT_NAME = "$(TARGET_NAME)";
				WRAPPER_EXTENSION = app;
			};
			name = Release;
		};
/* End XCBuildConfiguration section */

/* Begin XCConfigurationList section */
		16C3D0E216D1BC11009426A0 /* Build configuration list for PBXProject "orm" */ = {
			isa = XCConfigurationList;
			buildConfigurations = (
				16C3D10216D1BC13009426A0 /* Debug */,
				16C3D10316D1BC13009426A0 /* Release */,
			);
			defaultConfigurationIsVisible = 0;
			defaultConfigurationName = Release;
		};
		16C3D10416D1BC13009426A0 /* Build configuration list for PBXNativeTarget "orm" */ = {
			isa = XCConfigurationList;
			buildConfigurations = (
				16C3D10516D1BC13009426A0 /* Debug */,
				16C3D10616D1BC13009426A0 /* Release */,
			);
			defaultConfigurationIsVisible = 0;
			defaultConfigurationName = Release;
		};
/* End XCConfigurationList section */
	};
	rootObject = 16C3D0DF16D1BC11009426A0 /* Project object */;
}
