// !$*UTF8*$!
{
	archiveVersion = 1;
	classes = {
	};
	objectVersion = 46;
	objects = {

/* Begin PBXBuildFile section */
		168FBB401575AFF600E4B5CC /* UIKit.framework in Frameworks */ = {isa = PBXBuildFile; fileRef = 168FBB3F1575AFF600E4B5CC /* UIKit.framework */; };
		168FBB421575AFF600E4B5CC /* Foundation.framework in Frameworks */ = {isa = PBXBuildFile; fileRef = 168FBB411575AFF600E4B5CC /* Foundation.framework */; };
		168FBB441575AFF600E4B5CC /* CoreGraphics.framework in Frameworks */ = {isa = PBXBuildFile; fileRef = 168FBB431575AFF600E4B5CC /* CoreGraphics.framework */; };
		168FBB4A1575AFF600E4B5CC /* InfoPlist.strings in Resources */ = {isa = PBXBuildFile; fileRef = 168FBB481575AFF600E4B5CC /* InfoPlist.strings */; };
		168FBB4C1575AFF600E4B5CC /* main.mm in Sources */ = {isa = PBXBuildFile; fileRef = 168FBB4B1575AFF600E4B5CC /* main.mm */; };
		168FBB501575AFF600E4B5CC /* AppDelegate.mm in Sources */ = {isa = PBXBuildFile; fileRef = 168FBB4F1575AFF600E4B5CC /* AppDelegate.mm */; };
		168FBE0E1575B33900E4B5CC /* logo@57.png in Resources */ = {isa = PBXBuildFile; fileRef = 168FBE0D1575B33800E4B5CC /* logo@57.png */; };
		168FBE101575B33B00E4B5CC /* logo@114.png in Resources */ = {isa = PBXBuildFile; fileRef = 168FBE0F1575B33B00E4B5CC /* logo@114.png */; };
		168FBE121575B33D00E4B5CC /* Default.png in Resources */ = {isa = PBXBuildFile; fileRef = 168FBE111575B33D00E4B5CC /* Default.png */; };
		168FBE141575B33F00E4B5CC /* Default@2x.png in Resources */ = {isa = PBXBuildFile; fileRef = 168FBE131575B33F00E4B5CC /* Default@2x.png */; };
		168FBE161575B34A00E4B5CC /* logo@72.png in Resources */ = {isa = PBXBuildFile; fileRef = 168FBE151575B34A00E4B5CC /* logo@72.png */; };
		168FBE181575B34E00E4B5CC /* logo@144.png in Resources */ = {isa = PBXBuildFile; fileRef = 168FBE171575B34E00E4B5CC /* logo@144.png */; };
		168FBE1A1575B35100E4B5CC /* Default-Portrait~ipad.png in Resources */ = {isa = PBXBuildFile; fileRef = 168FBE191575B35100E4B5CC /* Default-Portrait~ipad.png */; };
		168FBE1C1575B35200E4B5CC /* Default-Portrait@2x~ipad.png in Resources */ = {isa = PBXBuildFile; fileRef = 168FBE1B1575B35200E4B5CC /* Default-Portrait@2x~ipad.png */; };
		168FBE1E1575B35400E4B5CC /* Default-Landscape~ipad.png in Resources */ = {isa = PBXBuildFile; fileRef = 168FBE1D1575B35400E4B5CC /* Default-Landscape~ipad.png */; };
		168FBE201575B35600E4B5CC /* Default-Landscape@2x~ipad.png in Resources */ = {isa = PBXBuildFile; fileRef = 168FBE1F1575B35600E4B5CC /* Default-Landscape@2x~ipad.png */; };
		168FBE241575B36D00E4B5CC /* QuartzCore.framework in Frameworks */ = {isa = PBXBuildFile; fileRef = 168FBE231575B36D00E4B5CC /* QuartzCore.framework */; };
		168FBE261575B37000E4B5CC /* libxml2.dylib in Frameworks */ = {isa = PBXBuildFile; fileRef = 168FBE251575B37000E4B5CC /* libxml2.dylib */; };
		168FBE281575B37400E4B5CC /* libicucore.dylib in Frameworks */ = {isa = PBXBuildFile; fileRef = 168FBE271575B37400E4B5CC /* libicucore.dylib */; };
		168FBE2A1575B37D00E4B5CC /* libdb.a in Frameworks */ = {isa = PBXBuildFile; fileRef = 168FBE291575B37D00E4B5CC /* libdb.a */; };
		168FBE2D1575B3A000E4B5CC /* MainController.mm in Sources */ = {isa = PBXBuildFile; fileRef = 168FBE2C1575B3A000E4B5CC /* MainController.mm */; };
/* End PBXBuildFile section */

/* Begin PBXFileReference section */
		168FBB3B1575AFF600E4B5CC /* table.app */ = {isa = PBXFileReference; explicitFileType = wrapper.application; includeInIndex = 0; path = table.app; sourceTree = BUILT_PRODUCTS_DIR; };
		168FBB3F1575AFF600E4B5CC /* UIKit.framework */ = {isa = PBXFileReference; lastKnownFileType = wrapper.framework; name = UIKit.framework; path = System/Library/Frameworks/UIKit.framework; sourceTree = SDKROOT; };
		168FBB411575AFF600E4B5CC /* Foundation.framework */ = {isa = PBXFileReference; lastKnownFileType = wrapper.framework; name = Foundation.framework; path = System/Library/Frameworks/Foundation.framework; sourceTree = SDKROOT; };
		168FBB431575AFF600E4B5CC /* CoreGraphics.framework */ = {isa = PBXFileReference; lastKnownFileType = wrapper.framework; name = CoreGraphics.framework; path = System/Library/Frameworks/CoreGraphics.framework; sourceTree = SDKROOT; };
		168FBB471575AFF600E4B5CC /* table-Info.plist */ = {isa = PBXFileReference; lastKnownFileType = text.plist.xml; path = "table-Info.plist"; sourceTree = "<group>"; };
		168FBB491575AFF600E4B5CC /* en */ = {isa = PBXFileReference; lastKnownFileType = text.plist.strings; name = en; path = en.lproj/InfoPlist.strings; sourceTree = "<group>"; };
		168FBB4B1575AFF600E4B5CC /* main.mm */ = {isa = PBXFileReference; lastKnownFileType = sourcecode.cpp.objcpp; path = main.mm; sourceTree = "<group>"; };
		168FBB4D1575AFF600E4B5CC /* table-Prefix.pch */ = {isa = PBXFileReference; lastKnownFileType = sourcecode.c.h; path = "table-Prefix.pch"; sourceTree = "<group>"; };
		168FBB4E1575AFF600E4B5CC /* AppDelegate.h */ = {isa = PBXFileReference; lastKnownFileType = sourcecode.c.h; path = AppDelegate.h; sourceTree = "<group>"; };
		168FBB4F1575AFF600E4B5CC /* AppDelegate.mm */ = {isa = PBXFileReference; lastKnownFileType = sourcecode.cpp.objcpp; path = AppDelegate.mm; sourceTree = "<group>"; };
		168FBE0D1575B33800E4B5CC /* logo@57.png */ = {isa = PBXFileReference; lastKnownFileType = image.png; path = "logo@57.png"; sourceTree = "<group>"; };
		168FBE0F1575B33B00E4B5CC /* logo@114.png */ = {isa = PBXFileReference; lastKnownFileType = image.png; path = "logo@114.png"; sourceTree = "<group>"; };
		168FBE111575B33D00E4B5CC /* Default.png */ = {isa = PBXFileReference; lastKnownFileType = image.png; path = Default.png; sourceTree = "<group>"; };
		168FBE131575B33F00E4B5CC /* Default@2x.png */ = {isa = PBXFileReference; lastKnownFileType = image.png; path = "Default@2x.png"; sourceTree = "<group>"; };
		168FBE151575B34A00E4B5CC /* logo@72.png */ = {isa = PBXFileReference; lastKnownFileType = image.png; path = "logo@72.png"; sourceTree = "<group>"; };
		168FBE171575B34E00E4B5CC /* logo@144.png */ = {isa = PBXFileReference; lastKnownFileType = image.png; path = "logo@144.png"; sourceTree = "<group>"; };
		168FBE191575B35100E4B5CC /* Default-Portrait~ipad.png */ = {isa = PBXFileReference; lastKnownFileType = image.png; path = "Default-Portrait~ipad.png"; sourceTree = "<group>"; };
		168FBE1B1575B35200E4B5CC /* Default-Portrait@2x~ipad.png */ = {isa = PBXFileReference; lastKnownFileType = image.png; path = "Default-Portrait@2x~ipad.png"; sourceTree = "<group>"; };
		168FBE1D1575B35400E4B5CC /* Default-Landscape~ipad.png */ = {isa = PBXFileReference; lastKnownFileType = image.png; path = "Default-Landscape~ipad.png"; sourceTree = "<group>"; };
		168FBE1F1575B35600E4B5CC /* Default-Landscape@2x~ipad.png */ = {isa = PBXFileReference; lastKnownFileType = image.png; path = "Default-Landscape@2x~ipad.png"; sourceTree = "<group>"; };
		168FBE231575B36D00E4B5CC /* QuartzCore.framework */ = {isa = PBXFileReference; lastKnownFileType = wrapper.framework; name = QuartzCore.framework; path = System/Library/Frameworks/QuartzCore.framework; sourceTree = SDKROOT; };
		168FBE251575B37000E4B5CC /* libxml2.dylib */ = {isa = PBXFileReference; lastKnownFileType = "compiled.mach-o.dylib"; name = libxml2.dylib; path = usr/lib/libxml2.dylib; sourceTree = SDKROOT; };
		168FBE271575B37400E4B5CC /* libicucore.dylib */ = {isa = PBXFileReference; lastKnownFileType = "compiled.mach-o.dylib"; name = libicucore.dylib; path = usr/lib/libicucore.dylib; sourceTree = SDKROOT; };
		168FBE291575B37D00E4B5CC /* libdb.a */ = {isa = PBXFileReference; lastKnownFileType = archive.ar; name = libdb.a; path = ../../lib/iOS/libdb.a; sourceTree = "<group>"; };
		168FBE2B1575B3A000E4B5CC /* MainController.h */ = {isa = PBXFileReference; fileEncoding = 4; lastKnownFileType = sourcecode.c.h; path = MainController.h; sourceTree = "<group>"; };
		168FBE2C1575B3A000E4B5CC /* MainController.mm */ = {isa = PBXFileReference; fileEncoding = 4; lastKnownFileType = sourcecode.cpp.objcpp; path = MainController.mm; sourceTree = "<group>"; };
/* End PBXFileReference section */

/* Begin PBXFrameworksBuildPhase section */
		168FBB381575AFF600E4B5CC /* Frameworks */ = {
			isa = PBXFrameworksBuildPhase;
			buildActionMask = 2147483647;
			files = (
				168FBE2A1575B37D00E4B5CC /* libdb.a in Frameworks */,
				168FBE281575B37400E4B5CC /* libicucore.dylib in Frameworks */,
				168FBE261575B37000E4B5CC /* libxml2.dylib in Frameworks */,
				168FBE241575B36D00E4B5CC /* QuartzCore.framework in Frameworks */,
				168FBB401575AFF600E4B5CC /* UIKit.framework in Frameworks */,
				168FBB421575AFF600E4B5CC /* Foundation.framework in Frameworks */,
				168FBB441575AFF600E4B5CC /* CoreGraphics.framework in Frameworks */,
			);
			runOnlyForDeploymentPostprocessing = 0;
		};
/* End PBXFrameworksBuildPhase section */

/* Begin PBXGroup section */
		168FBB301575AFF600E4B5CC = {
			isa = PBXGroup;
			children = (
				168FBB451575AFF600E4B5CC /* table */,
				168FBB3E1575AFF600E4B5CC /* Frameworks */,
				168FBB3C1575AFF600E4B5CC /* Products */,
			);
			sourceTree = "<group>";
		};
		168FBB3C1575AFF600E4B5CC /* Products */ = {
			isa = PBXGroup;
			children = (
				168FBB3B1575AFF600E4B5CC /* table.app */,
			);
			name = Products;
			sourceTree = "<group>";
		};
		168FBB3E1575AFF600E4B5CC /* Frameworks */ = {
			isa = PBXGroup;
			children = (
				168FBE291575B37D00E4B5CC /* libdb.a */,
				168FBE271575B37400E4B5CC /* libicucore.dylib */,
				168FBE251575B37000E4B5CC /* libxml2.dylib */,
				168FBE231575B36D00E4B5CC /* QuartzCore.framework */,
				168FBE1F1575B35600E4B5CC /* Default-Landscape@2x~ipad.png */,
				168FBE1D1575B35400E4B5CC /* Default-Landscape~ipad.png */,
				168FBE1B1575B35200E4B5CC /* Default-Portrait@2x~ipad.png */,
				168FBE191575B35100E4B5CC /* Default-Portrait~ipad.png */,
				168FBE171575B34E00E4B5CC /* logo@144.png */,
				168FBE151575B34A00E4B5CC /* logo@72.png */,
				168FBE131575B33F00E4B5CC /* Default@2x.png */,
				168FBE111575B33D00E4B5CC /* Default.png */,
				168FBE0F1575B33B00E4B5CC /* logo@114.png */,
				168FBE0D1575B33800E4B5CC /* logo@57.png */,
				168FBB3F1575AFF600E4B5CC /* UIKit.framework */,
				168FBB411575AFF600E4B5CC /* Foundation.framework */,
				168FBB431575AFF600E4B5CC /* CoreGraphics.framework */,
			);
			name = Frameworks;
			sourceTree = "<group>";
		};
		168FBB451575AFF600E4B5CC /* table */ = {
			isa = PBXGroup;
			children = (
				168FBE2B1575B3A000E4B5CC /* MainController.h */,
				168FBE2C1575B3A000E4B5CC /* MainController.mm */,
				168FBB4E1575AFF600E4B5CC /* AppDelegate.h */,
				168FBB4F1575AFF600E4B5CC /* AppDelegate.mm */,
				168FBB461575AFF600E4B5CC /* Supporting Files */,
			);
			path = table;
			sourceTree = "<group>";
		};
		168FBB461575AFF600E4B5CC /* Supporting Files */ = {
			isa = PBXGroup;
			children = (
				168FBB471575AFF600E4B5CC /* table-Info.plist */,
				168FBB481575AFF600E4B5CC /* InfoPlist.strings */,
				168FBB4B1575AFF600E4B5CC /* main.mm */,
				168FBB4D1575AFF600E4B5CC /* table-Prefix.pch */,
			);
			name = "Supporting Files";
			sourceTree = "<group>";
		};
/* End PBXGroup section */

/* Begin PBXNativeTarget section */
		168FBB3A1575AFF600E4B5CC /* table */ = {
			isa = PBXNativeTarget;
			buildConfigurationList = 168FBB531575AFF600E4B5CC /* Build configuration list for PBXNativeTarget "table" */;
			buildPhases = (
				168FBB371575AFF600E4B5CC /* Sources */,
				168FBB381575AFF600E4B5CC /* Frameworks */,
				168FBB391575AFF600E4B5CC /* Resources */,
			);
			buildRules = (
			);
			dependencies = (
			);
			name = table;
			productName = table;
			productReference = 168FBB3B1575AFF600E4B5CC /* table.app */;
			productType = "com.apple.product-type.application";
		};
/* End PBXNativeTarget section */

/* Begin PBXProject section */
		168FBB321575AFF600E4B5CC /* Project object */ = {
			isa = PBXProject;
			attributes = {
				LastUpgradeCheck = 0430;
			};
			buildConfigurationList = 168FBB351575AFF600E4B5CC /* Build configuration list for PBXProject "table" */;
			compatibilityVersion = "Xcode 3.2";
			developmentRegion = English;
			hasScannedForEncodings = 0;
			knownRegions = (
				en,
			);
			mainGroup = 168FBB301575AFF600E4B5CC;
			productRefGroup = 168FBB3C1575AFF600E4B5CC /* Products */;
			projectDirPath = "";
			projectRoot = "";
			targets = (
				168FBB3A1575AFF600E4B5CC /* table */,
			);
		};
/* End PBXProject section */

/* Begin PBXResourcesBuildPhase section */
		168FBB391575AFF600E4B5CC /* Resources */ = {
			isa = PBXResourcesBuildPhase;
			buildActionMask = 2147483647;
			files = (
				168FBB4A1575AFF600E4B5CC /* InfoPlist.strings in Resources */,
				168FBE0E1575B33900E4B5CC /* logo@57.png in Resources */,
				168FBE101575B33B00E4B5CC /* logo@114.png in Resources */,
				168FBE121575B33D00E4B5CC /* Default.png in Resources */,
				168FBE141575B33F00E4B5CC /* Default@2x.png in Resources */,
				168FBE161575B34A00E4B5CC /* logo@72.png in Resources */,
				168FBE181575B34E00E4B5CC /* logo@144.png in Resources */,
				168FBE1A1575B35100E4B5CC /* Default-Portrait~ipad.png in Resources */,
				168FBE1C1575B35200E4B5CC /* Default-Portrait@2x~ipad.png in Resources */,
				168FBE1E1575B35400E4B5CC /* Default-Landscape~ipad.png in Resources */,
				168FBE201575B35600E4B5CC /* Default-Landscape@2x~ipad.png in Resources */,
			);
			runOnlyForDeploymentPostprocessing = 0;
		};
/* End PBXResourcesBuildPhase section */

/* Begin PBXSourcesBuildPhase section */
		168FBB371575AFF600E4B5CC /* Sources */ = {
			isa = PBXSourcesBuildPhase;
			buildActionMask = 2147483647;
			files = (
				168FBB4C1575AFF600E4B5CC /* main.mm in Sources */,
				168FBB501575AFF600E4B5CC /* AppDelegate.mm in Sources */,
				168FBE2D1575B3A000E4B5CC /* MainController.mm in Sources */,
			);
			runOnlyForDeploymentPostprocessing = 0;
		};
/* End PBXSourcesBuildPhase section */

/* Begin PBXVariantGroup section */
		168FBB481575AFF600E4B5CC /* InfoPlist.strings */ = {
			isa = PBXVariantGroup;
			children = (
				168FBB491575AFF600E4B5CC /* en */,
			);
			name = InfoPlist.strings;
			sourceTree = "<group>";
		};
/* End PBXVariantGroup section */

/* Begin XCBuildConfiguration section */
		168FBB511575AFF600E4B5CC /* Debug */ = {
			isa = XCBuildConfiguration;
			buildSettings = {
				ALWAYS_SEARCH_USER_PATHS = NO;
				ARCHS = "$(ARCHS_STANDARD_32_BIT)";
				"CODE_SIGN_IDENTITY[sdk=iphoneos*]" = "iPhone Developer";
				COPY_PHASE_STRIP = NO;
				GCC_C_LANGUAGE_STANDARD = gnu99;
				GCC_DYNAMIC_NO_PIC = NO;
				GCC_OPTIMIZATION_LEVEL = 0;
				GCC_PREPROCESSOR_DEFINITIONS = (
					"DEBUG=1",
					"$(inherited)",
				);
				GCC_SYMBOLS_PRIVATE_EXTERN = NO;
				GCC_VERSION = com.apple.compilers.llvm.clang.1_0;
				GCC_WARN_ABOUT_RETURN_TYPE = YES;
				GCC_WARN_UNINITIALIZED_AUTOS = YES;
				GCC_WARN_UNUSED_VARIABLE = YES;
				IPHONEOS_DEPLOYMENT_TARGET = 4.0;
				SDKROOT = iphoneos;
				TARGETED_DEVICE_FAMILY = "1,2";
			};
			name = Debug;
		};
		168FBB521575AFF600E4B5CC /* Release */ = {
			isa = XCBuildConfiguration;
			buildSettings = {
				ALWAYS_SEARCH_USER_PATHS = NO;
				ARCHS = "$(ARCHS_STANDARD_32_BIT)";
				"CODE_SIGN_IDENTITY[sdk=iphoneos*]" = "iPhone Developer";
				COPY_PHASE_STRIP = YES;
				GCC_C_LANGUAGE_STANDARD = gnu99;
				GCC_VERSION = com.apple.compilers.llvm.clang.1_0;
				GCC_WARN_ABOUT_RETURN_TYPE = YES;
				GCC_WARN_UNINITIALIZED_AUTOS = YES;
				GCC_WARN_UNUSED_VARIABLE = YES;
				IPHONEOS_DEPLOYMENT_TARGET = 4.0;
				OTHER_CFLAGS = "-DNS_BLOCK_ASSERTIONS=1";
				SDKROOT = iphoneos;
				TARGETED_DEVICE_FAMILY = "1,2";
				VALIDATE_PRODUCT = YES;
			};
			name = Release;
		};
		168FBB541575AFF600E4B5CC /* Debug */ = {
			isa = XCBuildConfiguration;
			buildSettings = {
				GCC_PRECOMPILE_PREFIX_HEADER = YES;
				GCC_PREFIX_HEADER = "table/table-Prefix.pch";
				INFOPLIST_FILE = "table/table-Info.plist";
				LIBRARY_SEARCH_PATHS = (
					"$(inherited)",
					"\"/Users/wybo/Library/Developer/Xcode/DerivedData/allinone-grfriqmlrljimgcjcjllfdwbyozk/Build/Products/Debug-iphoneos\"",
					"\"$(SRCROOT)/../../lib/iOS\"",
				);
				PRODUCT_NAME = "$(TARGET_NAME)";
				WRAPPER_EXTENSION = app;
			};
			name = Debug;
		};
		168FBB551575AFF600E4B5CC /* Release */ = {
			isa = XCBuildConfiguration;
			buildSettings = {
				GCC_PRECOMPILE_PREFIX_HEADER = YES;
				GCC_PREFIX_HEADER = "table/table-Prefix.pch";
				INFOPLIST_FILE = "table/table-Info.plist";
				LIBRARY_SEARCH_PATHS = (
					"$(inherited)",
					"\"/Users/wybo/Library/Developer/Xcode/DerivedData/allinone-grfriqmlrljimgcjcjllfdwbyozk/Build/Products/Debug-iphoneos\"",
					"\"$(SRCROOT)/../../lib/iOS\"",
				);
				PRODUCT_NAME = "$(TARGET_NAME)";
				WRAPPER_EXTENSION = app;
			};
			name = Release;
		};
/* End XCBuildConfiguration section */

/* Begin XCConfigurationList section */
		168FBB351575AFF600E4B5CC /* Build configuration list for PBXProject "table" */ = {
			isa = XCConfigurationList;
			buildConfigurations = (
				168FBB511575AFF600E4B5CC /* Debug */,
				168FBB521575AFF600E4B5CC /* Release */,
			);
			defaultConfigurationIsVisible = 0;
			defaultConfigurationName = Release;
		};
		168FBB531575AFF600E4B5CC /* Build configuration list for PBXNativeTarget "table" */ = {
			isa = XCConfigurationList;
			buildConfigurations = (
				168FBB541575AFF600E4B5CC /* Debug */,
				168FBB551575AFF600E4B5CC /* Release */,
			);
			defaultConfigurationIsVisible = 0;
			defaultConfigurationName = Release;
		};
/* End XCConfigurationList section */
	};
	rootObject = 168FBB321575AFF600E4B5CC /* Project object */;
}
